
Microsoft Visual Studio Solution File, Format Version 12.00
# Visual Studio Version 17
VisualStudioVersion = 17.0.31903.59
MinimumVisualStudioVersion = 10.0.40219.1
Project("{2150E333-8FDC-42A3-9474-1A3956D46DE8}") = "src", "src", "{11111111-1111-1111-1111-111111111111}"
EndProject
Project("{2150E333-8FDC-42A3-9474-1A3956D46DE8}") = "tests", "tests", "{22222222-2222-2222-2222-222222222222}"
EndProject
Project("{2150E333-8FDC-42A3-9474-1A3956D46DE8}") = "Lancamentos", "Lancamentos", "{33333333-3333-3333-3333-333333333333}"
EndProject
Project("{2150E333-8FDC-42A3-9474-1A3956D46DE8}") = "Consolidado", "Consolidado", "{44444444-4444-4444-4444-444444444444}"
EndProject
Project("{2150E333-8FDC-42A3-9474-1A3956D46DE8}") = "BuildingBlocks", "BuildingBlocks", "{55555555-5555-5555-5555-555555555555}"
EndProject
Project("{FAE04EC0-301F-11D3-BF4B-00C04F79EFBC}") = "Contracts", "src\BuildingBlocks\Contracts\Contracts.csproj", "{A0000001-0000-0000-0000-000000000001}"
EndProject
Project("{FAE04EC0-301F-11D3-BF4B-00C04F79EFBC}") = "Lancamentos.Domain", "src\Lancamentos\Lancamentos.Domain\Lancamentos.Domain.csproj", "{B0000001-0000-0000-0000-000000000001}"
EndProject
Project("{FAE04EC0-301F-11D3-BF4B-00C04F79EFBC}") = "Lancamentos.Application", "src\Lancamentos\Lancamentos.Application\Lancamentos.Application.csproj", "{B0000002-0000-0000-0000-000000000002}"
EndProject
Project("{FAE04EC0-301F-11D3-BF4B-00C04F79EFBC}") = "Lancamentos.Infrastructure", "src\Lancamentos\Lancamentos.Infrastructure\Lancamentos.Infrastructure.csproj", "{B0000003-0000-0000-0000-000000000003}"
EndProject
Project("{FAE04EC0-301F-11D3-BF4B-00C04F79EFBC}") = "Lancamentos.Api", "src\Lancamentos\Lancamentos.Api\Lancamentos.Api.csproj", "{B0000004-0000-0000-0000-000000000004}"
EndProject
Project("{FAE04EC0-301F-11D3-BF4B-00C04F79EFBC}") = "Consolidado.Domain", "src\Consolidado\Consolidado.Domain\Consolidado.Domain.csproj", "{C0000001-0000-0000-0000-000000000001}"
EndProject
Project("{FAE04EC0-301F-11D3-BF4B-00C04F79EFBC}") = "Consolidado.Application", "src\Consolidado\Consolidado.Application\Consolidado.Application.csproj", "{C0000002-0000-0000-0000-000000000002}"
EndProject
Project("{FAE04EC0-301F-11D3-BF4B-00C04F79EFBC}") = "Consolidado.Infrastructure", "src\Consolidado\Consolidado.Infrastructure\Consolidado.Infrastructure.csproj", "{C0000003-0000-0000-0000-000000000003}"
EndProject
Project("{FAE04EC0-301F-11D3-BF4B-00C04F79EFBC}") = "Consolidado.Api", "src\Consolidado\Consolidado.Api\Consolidado.Api.csproj", "{C0000004-0000-0000-0000-000000000004}"
EndProject
Project("{FAE04EC0-301F-11D3-BF4B-00C04F79EFBC}") = "Lancamentos.UnitTests", "tests\Lancamentos.UnitTests\Lancamentos.UnitTests.csproj", "{D0000001-0000-0000-0000-000000000001}"
EndProject
Project("{FAE04EC0-301F-11D3-BF4B-00C04F79EFBC}") = "Lancamentos.IntegrationTests", "tests\Lancamentos.IntegrationTests\Lancamentos.IntegrationTests.csproj", "{D0000002-0000-0000-0000-000000000002}"
EndProject
Project("{FAE04EC0-301F-11D3-BF4B-00C04F79EFBC}") = "Consolidado.UnitTests", "tests\Consolidado.UnitTests\Consolidado.UnitTests.csproj", "{D0000003-0000-0000-0000-000000000003}"
EndProject
Project("{FAE04EC0-301F-11D3-BF4B-00C04F79EFBC}") = "Consolidado.IntegrationTests", "tests\Consolidado.IntegrationTests\Consolidado.IntegrationTests.csproj", "{D0000004-0000-0000-0000-000000000004}"
EndProject
Project("{FAE04EC0-301F-11D3-BF4B-00C04F79EFBC}") = "Lancamentos.Application.UnitTests", "tests\Lancamentos.Application.UnitTests\Lancamentos.Application.UnitTests.csproj", "{251AB458-B432-48C1-97FD-70860EA29F0C}"
EndProject
Project("{FAE04EC0-301F-11D3-BF4B-00C04F79EFBC}") = "Consolidado.Application.UnitTests", "tests\Consolidado.Application.UnitTests\Consolidado.Application.UnitTests.csproj", "{F4184A40-7510-4378-873E-F14CC47604BA}"
EndProject
Project("{FAE04EC0-301F-11D3-BF4B-00C04F79EFBC}") = "Resiliencia.IntegrationTests", "tests\Resiliencia.IntegrationTests\Resiliencia.IntegrationTests.csproj", "{4212C2C2-B384-43A8-B2F1-77A3B1AE9B70}"
EndProject
Project("{2150E333-8FDC-42A3-9474-1A3956D46DE8}") = "Performance", "Performance", "{5B1E615E-04E0-0869-BBC4-745ECDAE43B7}"
EndProject
Project("{FAE04EC0-301F-11D3-BF4B-00C04F79EFBC}") = "LoadTests", "tests\Performance\LoadTests\LoadTests.csproj", "{E9B24237-4F1B-497C-B831-6DE4CC1E9448}"
EndProject
Global
	GlobalSection(SolutionConfigurationPlatforms) = preSolution
		Debug|Any CPU = Debug|Any CPU
		Debug|x64 = Debug|x64
		Debug|x86 = Debug|x86
		Release|Any CPU = Release|Any CPU
		Release|x64 = Release|x64
		Release|x86 = Release|x86
	EndGlobalSection
	GlobalSection(ProjectConfigurationPlatforms) = postSolution
		{A0000001-0000-0000-0000-000000000001}.Debug|Any CPU.ActiveCfg = Debug|Any CPU
		{A0000001-0000-0000-0000-000000000001}.Debug|Any CPU.Build.0 = Debug|Any CPU
		{A0000001-0000-0000-0000-000000000001}.Debug|x64.ActiveCfg = Debug|Any CPU
		{A0000001-0000-0000-0000-000000000001}.Debug|x64.Build.0 = Debug|Any CPU
		{A0000001-0000-0000-0000-000000000001}.Debug|x86.ActiveCfg = Debug|Any CPU
		{A0000001-0000-0000-0000-000000000001}.Debug|x86.Build.0 = Debug|Any CPU
		{A0000001-0000-0000-0000-000000000001}.Release|Any CPU.ActiveCfg = Release|Any CPU
		{A0000001-0000-0000-0000-000000000001}.Release|Any CPU.Build.0 = Release|Any CPU
		{A0000001-0000-0000-0000-000000000001}.Release|x64.ActiveCfg = Release|Any CPU
		{A0000001-0000-0000-0000-000000000001}.Release|x64.Build.0 = Release|Any CPU
		{A0000001-0000-0000-0000-000000000001}.Release|x86.ActiveCfg = Release|Any CPU
		{A0000001-0000-0000-0000-000000000001}.Release|x86.Build.0 = Release|Any CPU
		{B0000001-0000-0000-0000-000000000001}.Debug|Any CPU.ActiveCfg = Debug|Any CPU
		{B0000001-0000-0000-0000-000000000001}.Debug|Any CPU.Build.0 = Debug|Any CPU
		{B0000001-0000-0000-0000-000000000001}.Debug|x64.ActiveCfg = Debug|Any CPU
		{B0000001-0000-0000-0000-000000000001}.Debug|x64.Build.0 = Debug|Any CPU
		{B0000001-0000-0000-0000-000000000001}.Debug|x86.ActiveCfg = Debug|Any CPU
		{B0000001-0000-0000-0000-000000000001}.Debug|x86.Build.0 = Debug|Any CPU
		{B0000001-0000-0000-0000-000000000001}.Release|Any CPU.ActiveCfg = Release|Any CPU
		{B0000001-0000-0000-0000-000000000001}.Release|Any CPU.Build.0 = Release|Any CPU
		{B0000001-0000-0000-0000-000000000001}.Release|x64.ActiveCfg = Release|Any CPU
		{B0000001-0000-0000-0000-000000000001}.Release|x64.Build.0 = Release|Any CPU
		{B0000001-0000-0000-0000-000000000001}.Release|x86.ActiveCfg = Release|Any CPU
		{B0000001-0000-0000-0000-000000000001}.Release|x86.Build.0 = Release|Any CPU
		{B0000002-0000-0000-0000-000000000002}.Debug|Any CPU.ActiveCfg = Debug|Any CPU
		{B0000002-0000-0000-0000-000000000002}.Debug|Any CPU.Build.0 = Debug|Any CPU
		{B0000002-0000-0000-0000-000000000002}.Debug|x64.ActiveCfg = Debug|Any CPU
		{B0000002-0000-0000-0000-000000000002}.Debug|x64.Build.0 = Debug|Any CPU
		{B0000002-0000-0000-0000-000000000002}.Debug|x86.ActiveCfg = Debug|Any CPU
		{B0000002-0000-0000-0000-000000000002}.Debug|x86.Build.0 = Debug|Any CPU
		{B0000002-0000-0000-0000-000000000002}.Release|Any CPU.ActiveCfg = Release|Any CPU
		{B0000002-0000-0000-0000-000000000002}.Release|Any CPU.Build.0 = Release|Any CPU
		{B0000002-0000-0000-0000-000000000002}.Release|x64.ActiveCfg = Release|Any CPU
		{B0000002-0000-0000-0000-000000000002}.Release|x64.Build.0 = Release|Any CPU
		{B0000002-0000-0000-0000-000000000002}.Release|x86.ActiveCfg = Release|Any CPU
		{B0000002-0000-0000-0000-000000000002}.Release|x86.Build.0 = Release|Any CPU
		{B0000003-0000-0000-0000-000000000003}.Debug|Any CPU.ActiveCfg = Debug|Any CPU
		{B0000003-0000-0000-0000-000000000003}.Debug|Any CPU.Build.0 = Debug|Any CPU
		{B0000003-0000-0000-0000-000000000003}.Debug|x64.ActiveCfg = Debug|Any CPU
		{B0000003-0000-0000-0000-000000000003}.Debug|x64.Build.0 = Debug|Any CPU
		{B0000003-0000-0000-0000-000000000003}.Debug|x86.ActiveCfg = Debug|Any CPU
		{B0000003-0000-0000-0000-000000000003}.Debug|x86.Build.0 = Debug|Any CPU
		{B0000003-0000-0000-0000-000000000003}.Release|Any CPU.ActiveCfg = Release|Any CPU
		{B0000003-0000-0000-0000-000000000003}.Release|Any CPU.Build.0 = Release|Any CPU
		{B0000003-0000-0000-0000-000000000003}.Release|x64.ActiveCfg = Release|Any CPU
		{B0000003-0000-0000-0000-000000000003}.Release|x64.Build.0 = Release|Any CPU
		{B0000003-0000-0000-0000-000000000003}.Release|x86.ActiveCfg = Release|Any CPU
		{B0000003-0000-0000-0000-000000000003}.Release|x86.Build.0 = Release|Any CPU
		{B0000004-0000-0000-0000-000000000004}.Debug|Any CPU.ActiveCfg = Debug|Any CPU
		{B0000004-0000-0000-0000-000000000004}.Debug|Any CPU.Build.0 = Debug|Any CPU
		{B0000004-0000-0000-0000-000000000004}.Debug|x64.ActiveCfg = Debug|Any CPU
		{B0000004-0000-0000-0000-000000000004}.Debug|x64.Build.0 = Debug|Any CPU
		{B0000004-0000-0000-0000-000000000004}.Debug|x86.ActiveCfg = Debug|Any CPU
		{B0000004-0000-0000-0000-000000000004}.Debug|x86.Build.0 = Debug|Any CPU
		{B0000004-0000-0000-0000-000000000004}.Release|Any CPU.ActiveCfg = Release|Any CPU
		{B0000004-0000-0000-0000-000000000004}.Release|Any CPU.Build.0 = Release|Any CPU
		{B0000004-0000-0000-0000-000000000004}.Release|x64.ActiveCfg = Release|Any CPU
		{B0000004-0000-0000-0000-000000000004}.Release|x64.Build.0 = Release|Any CPU
		{B0000004-0000-0000-0000-000000000004}.Release|x86.ActiveCfg = Release|Any CPU
		{B0000004-0000-0000-0000-000000000004}.Release|x86.Build.0 = Release|Any CPU
		{C0000001-0000-0000-0000-000000000001}.Debug|Any CPU.ActiveCfg = Debug|Any CPU
		{C0000001-0000-0000-0000-000000000001}.Debug|Any CPU.Build.0 = Debug|Any CPU
		{C0000001-0000-0000-0000-000000000001}.Debug|x64.ActiveCfg = Debug|Any CPU
		{C0000001-0000-0000-0000-000000000001}.Debug|x64.Build.0 = Debug|Any CPU
		{C0000001-0000-0000-0000-000000000001}.Debug|x86.ActiveCfg = Debug|Any CPU
		{C0000001-0000-0000-0000-000000000001}.Debug|x86.Build.0 = Debug|Any CPU
		{C0000001-0000-0000-0000-000000000001}.Release|Any CPU.ActiveCfg = Release|Any CPU
		{C0000001-0000-0000-0000-000000000001}.Release|Any CPU.Build.0 = Release|Any CPU
		{C0000001-0000-0000-0000-000000000001}.Release|x64.ActiveCfg = Release|Any CPU
		{C0000001-0000-0000-0000-000000000001}.Release|x64.Build.0 = Release|Any CPU
		{C0000001-0000-0000-0000-000000000001}.Release|x86.ActiveCfg = Release|Any CPU
		{C0000001-0000-0000-0000-000000000001}.Release|x86.Build.0 = Release|Any CPU
		{C0000002-0000-0000-0000-000000000002}.Debug|Any CPU.ActiveCfg = Debug|Any CPU
		{C0000002-0000-0000-0000-000000000002}.Debug|Any CPU.Build.0 = Debug|Any CPU
		{C0000002-0000-0000-0000-000000000002}.Debug|x64.ActiveCfg = Debug|Any CPU
		{C0000002-0000-0000-0000-000000000002}.Debug|x64.Build.0 = Debug|Any CPU
		{C0000002-0000-0000-0000-000000000002}.Debug|x86.ActiveCfg = Debug|Any CPU
		{C0000002-0000-0000-0000-000000000002}.Debug|x86.Build.0 = Debug|Any CPU
		{C0000002-0000-0000-0000-000000000002}.Release|Any CPU.ActiveCfg = Release|Any CPU
		{C0000002-0000-0000-0000-000000000002}.Release|Any CPU.Build.0 = Release|Any CPU
		{C0000002-0000-0000-0000-000000000002}.Release|x64.ActiveCfg = Release|Any CPU
		{C0000002-0000-0000-0000-000000000002}.Release|x64.Build.0 = Release|Any CPU
		{C0000002-0000-0000-0000-000000000002}.Release|x86.ActiveCfg = Release|Any CPU
		{C0000002-0000-0000-0000-000000000002}.Release|x86.Build.0 = Release|Any CPU
		{C0000003-0000-0000-0000-000000000003}.Debug|Any CPU.ActiveCfg = Debug|Any CPU
		{C0000003-0000-0000-0000-000000000003}.Debug|Any CPU.Build.0 = Debug|Any CPU
		{C0000003-0000-0000-0000-000000000003}.Debug|x64.ActiveCfg = Debug|Any CPU
		{C0000003-0000-0000-0000-000000000003}.Debug|x64.Build.0 = Debug|Any CPU
		{C0000003-0000-0000-0000-000000000003}.Debug|x86.ActiveCfg = Debug|Any CPU
		{C0000003-0000-0000-0000-000000000003}.Debug|x86.Build.0 = Debug|Any CPU
		{C0000003-0000-0000-0000-000000000003}.Release|Any CPU.ActiveCfg = Release|Any CPU
		{C0000003-0000-0000-0000-000000000003}.Release|Any CPU.Build.0 = Release|Any CPU
		{C0000003-0000-0000-0000-000000000003}.Release|x64.ActiveCfg = Release|Any CPU
		{C0000003-0000-0000-0000-000000000003}.Release|x64.Build.0 = Release|Any CPU
		{C0000003-0000-0000-0000-000000000003}.Release|x86.ActiveCfg = Release|Any CPU
		{C0000003-0000-0000-0000-000000000003}.Release|x86.Build.0 = Release|Any CPU
		{C0000004-0000-0000-0000-000000000004}.Debug|Any CPU.ActiveCfg = Debug|Any CPU
		{C0000004-0000-0000-0000-000000000004}.Debug|Any CPU.Build.0 = Debug|Any CPU
		{C0000004-0000-0000-0000-000000000004}.Debug|x64.ActiveCfg = Debug|Any CPU
		{C0000004-0000-0000-0000-000000000004}.Debug|x64.Build.0 = Debug|Any CPU
		{C0000004-0000-0000-0000-000000000004}.Debug|x86.ActiveCfg = Debug|Any CPU
		{C0000004-0000-0000-0000-000000000004}.Debug|x86.Build.0 = Debug|Any CPU
		{C0000004-0000-0000-0000-000000000004}.Release|Any CPU.ActiveCfg = Release|Any CPU
		{C0000004-0000-0000-0000-000000000004}.Release|Any CPU.Build.0 = Release|Any CPU
		{C0000004-0000-0000-0000-000000000004}.Release|x64.ActiveCfg = Release|Any CPU
		{C0000004-0000-0000-0000-000000000004}.Release|x64.Build.0 = Release|Any CPU
		{C0000004-0000-0000-0000-000000000004}.Release|x86.ActiveCfg = Release|Any CPU
		{C0000004-0000-0000-0000-000000000004}.Release|x86.Build.0 = Release|Any CPU
		{D0000001-0000-0000-0000-000000000001}.Debug|Any CPU.ActiveCfg = Debug|Any CPU
		{D0000001-0000-0000-0000-000000000001}.Debug|Any CPU.Build.0 = Debug|Any CPU
		{D0000001-0000-0000-0000-000000000001}.Debug|x64.ActiveCfg = Debug|Any CPU
		{D0000001-0000-0000-0000-000000000001}.Debug|x64.Build.0 = Debug|Any CPU
		{D0000001-0000-0000-0000-000000000001}.Debug|x86.ActiveCfg = Debug|Any CPU
		{D0000001-0000-0000-0000-000000000001}.Debug|x86.Build.0 = Debug|Any CPU
		{D0000001-0000-0000-0000-000000000001}.Release|Any CPU.ActiveCfg = Release|Any CPU
		{D0000001-0000-0000-0000-000000000001}.Release|Any CPU.Build.0 = Release|Any CPU
		{D0000001-0000-0000-0000-000000000001}.Release|x64.ActiveCfg = Release|Any CPU
		{D0000001-0000-0000-0000-000000000001}.Release|x64.Build.0 = Release|Any CPU
		{D0000001-0000-0000-0000-000000000001}.Release|x86.ActiveCfg = Release|Any CPU
		{D0000001-0000-0000-0000-000000000001}.Release|x86.Build.0 = Release|Any CPU
		{D0000002-0000-0000-0000-000000000002}.Debug|Any CPU.ActiveCfg = Debug|Any CPU
		{D0000002-0000-0000-0000-000000000002}.Debug|Any CPU.Build.0 = Debug|Any CPU
		{D0000002-0000-0000-0000-000000000002}.Debug|x64.ActiveCfg = Debug|Any CPU
		{D0000002-0000-0000-0000-000000000002}.Debug|x64.Build.0 = Debug|Any CPU
		{D0000002-0000-0000-0000-000000000002}.Debug|x86.ActiveCfg = Debug|Any CPU
		{D0000002-0000-0000-0000-000000000002}.Debug|x86.Build.0 = Debug|Any CPU
		{D0000002-0000-0000-0000-000000000002}.Release|Any CPU.ActiveCfg = Release|Any CPU
		{D0000002-0000-0000-0000-000000000002}.Release|Any CPU.Build.0 = Release|Any CPU
		{D0000002-0000-0000-0000-000000000002}.Release|x64.ActiveCfg = Release|Any CPU
		{D0000002-0000-0000-0000-000000000002}.Release|x64.Build.0 = Release|Any CPU
		{D0000002-0000-0000-0000-000000000002}.Release|x86.ActiveCfg = Release|Any CPU
		{D0000002-0000-0000-0000-000000000002}.Release|x86.Build.0 = Release|Any CPU
		{D0000003-0000-0000-0000-000000000003}.Debug|Any CPU.ActiveCfg = Debug|Any CPU
		{D0000003-0000-0000-0000-000000000003}.Debug|Any CPU.Build.0 = Debug|Any CPU
		{D0000003-0000-0000-0000-000000000003}.Debug|x64.ActiveCfg = Debug|Any CPU
		{D0000003-0000-0000-0000-000000000003}.Debug|x64.Build.0 = Debug|Any CPU
		{D0000003-0000-0000-0000-000000000003}.Debug|x86.ActiveCfg = Debug|Any CPU
		{D0000003-0000-0000-0000-000000000003}.Debug|x86.Build.0 = Debug|Any CPU
		{D0000003-0000-0000-0000-000000000003}.Release|Any CPU.ActiveCfg = Release|Any CPU
		{D0000003-0000-0000-0000-000000000003}.Release|Any CPU.Build.0 = Release|Any CPU
		{D0000003-0000-0000-0000-000000000003}.Release|x64.ActiveCfg = Release|Any CPU
		{D0000003-0000-0000-0000-000000000003}.Release|x64.Build.0 = Release|Any CPU
		{D0000003-0000-0000-0000-000000000003}.Release|x86.ActiveCfg = Release|Any CPU
		{D0000003-0000-0000-0000-000000000003}.Release|x86.Build.0 = Release|Any CPU
		{D0000004-0000-0000-0000-000000000004}.Debug|Any CPU.ActiveCfg = Debug|Any CPU
		{D0000004-0000-0000-0000-000000000004}.Debug|Any CPU.Build.0 = Debug|Any CPU
		{D0000004-0000-0000-0000-000000000004}.Debug|x64.ActiveCfg = Debug|Any CPU
		{D0000004-0000-0000-0000-000000000004}.Debug|x64.Build.0 = Debug|Any CPU
		{D0000004-0000-0000-0000-000000000004}.Debug|x86.ActiveCfg = Debug|Any CPU
		{D0000004-0000-0000-0000-000000000004}.Debug|x86.Build.0 = Debug|Any CPU
		{D0000004-0000-0000-0000-000000000004}.Release|Any CPU.ActiveCfg = Release|Any CPU
		{D0000004-0000-0000-0000-000000000004}.Release|Any CPU.Build.0 = Release|Any CPU
		{D0000004-0000-0000-0000-000000000004}.Release|x64.ActiveCfg = Release|Any CPU
		{D0000004-0000-0000-0000-000000000004}.Release|x64.Build.0 = Release|Any CPU
		{D0000004-0000-0000-0000-000000000004}.Release|x86.ActiveCfg = Release|Any CPU
		{D0000004-0000-0000-0000-000000000004}.Release|x86.Build.0 = Release|Any CPU
		{251AB458-B432-48C1-97FD-70860EA29F0C}.Debug|Any CPU.ActiveCfg = Debug|Any CPU
		{251AB458-B432-48C1-97FD-70860EA29F0C}.Debug|Any CPU.Build.0 = Debug|Any CPU
		{251AB458-B432-48C1-97FD-70860EA29F0C}.Debug|x64.ActiveCfg = Debug|Any CPU
		{251AB458-B432-48C1-97FD-70860EA29F0C}.Debug|x64.Build.0 = Debug|Any CPU
		{251AB458-B432-48C1-97FD-70860EA29F0C}.Debug|x86.ActiveCfg = Debug|Any CPU
		{251AB458-B432-48C1-97FD-70860EA29F0C}.Debug|x86.Build.0 = Debug|Any CPU
		{251AB458-B432-48C1-97FD-70860EA29F0C}.Release|Any CPU.ActiveCfg = Release|Any CPU
		{251AB458-B432-48C1-97FD-70860EA29F0C}.Release|Any CPU.Build.0 = Release|Any CPU
		{251AB458-B432-48C1-97FD-70860EA29F0C}.Release|x64.ActiveCfg = Release|Any CPU
		{251AB458-B432-48C1-97FD-70860EA29F0C}.Release|x64.Build.0 = Release|Any CPU
		{251AB458-B432-48C1-97FD-70860EA29F0C}.Release|x86.ActiveCfg = Release|Any CPU
		{251AB458-B432-48C1-97FD-70860EA29F0C}.Release|x86.Build.0 = Release|Any CPU
		{F4184A40-7510-4378-873E-F14CC47604BA}.Debug|Any CPU.ActiveCfg = Debug|Any CPU
		{F4184A40-7510-4378-873E-F14CC47604BA}.Debug|Any CPU.Build.0 = Debug|Any CPU
		{F4184A40-7510-4378-873E-F14CC47604BA}.Debug|x64.ActiveCfg = Debug|Any CPU
		{F4184A40-7510-4378-873E-F14CC47604BA}.Debug|x64.Build.0 = Debug|Any CPU
		{F4184A40-7510-4378-873E-F14CC47604BA}.Debug|x86.ActiveCfg = Debug|Any CPU
		{F4184A40-7510-4378-873E-F14CC47604BA}.Debug|x86.Build.0 = Debug|Any CPU
		{F4184A40-7510-4378-873E-F14CC47604BA}.Release|Any CPU.ActiveCfg = Release|Any CPU
		{F4184A40-7510-4378-873E-F14CC47604BA}.Release|Any CPU.Build.0 = Release|Any CPU
		{F4184A40-7510-4378-873E-F14CC47604BA}.Release|x64.ActiveCfg = Release|Any CPU
		{F4184A40-7510-4378-873E-F14CC47604BA}.Release|x64.Build.0 = Release|Any CPU
		{F4184A40-7510-4378-873E-F14CC47604BA}.Release|x86.ActiveCfg = Release|Any CPU
		{F4184A40-7510-4378-873E-F14CC47604BA}.Release|x86.Build.0 = Release|Any CPU
		{4212C2C2-B384-43A8-B2F1-77A3B1AE9B70}.Debug|Any CPU.ActiveCfg = Debug|Any CPU
		{4212C2C2-B384-43A8-B2F1-77A3B1AE9B70}.Debug|Any CPU.Build.0 = Debug|Any CPU
		{4212C2C2-B384-43A8-B2F1-77A3B1AE9B70}.Debug|x64.ActiveCfg = Debug|Any CPU
		{4212C2C2-B384-43A8-B2F1-77A3B1AE9B70}.Debug|x64.Build.0 = Debug|Any CPU
		{4212C2C2-B384-43A8-B2F1-77A3B1AE9B70}.Debug|x86.ActiveCfg = Debug|Any CPU
		{4212C2C2-B384-43A8-B2F1-77A3B1AE9B70}.Debug|x86.Build.0 = Debug|Any CPU
		{4212C2C2-B384-43A8-B2F1-77A3B1AE9B70}.Release|Any CPU.ActiveCfg = Release|Any CPU
		{4212C2C2-B384-43A8-B2F1-77A3B1AE9B70}.Release|Any CPU.Build.0 = Release|Any CPU
		{4212C2C2-B384-43A8-B2F1-77A3B1AE9B70}.Release|x64.ActiveCfg = Release|Any CPU
		{4212C2C2-B384-43A8-B2F1-77A3B1AE9B70}.Release|x64.Build.0 = Release|Any CPU
		{4212C2C2-B384-43A8-B2F1-77A3B1AE9B70}.Release|x86.ActiveCfg = Release|Any CPU
		{4212C2C2-B384-43A8-B2F1-77A3B1AE9B70}.Release|x86.Build.0 = Release|Any CPU
		{E9B24237-4F1B-497C-B831-6DE4CC1E9448}.Debug|Any CPU.ActiveCfg = Debug|Any CPU
		{E9B24237-4F1B-497C-B831-6DE4CC1E9448}.Debug|Any CPU.Build.0 = Debug|Any CPU
		{E9B24237-4F1B-497C-B831-6DE4CC1E9448}.Debug|x64.ActiveCfg = Debug|Any CPU
		{E9B24237-4F1B-497C-B831-6DE4CC1E9448}.Debug|x64.Build.0 = Debug|Any CPU
		{E9B24237-4F1B-497C-B831-6DE4CC1E9448}.Debug|x86.ActiveCfg = Debug|Any CPU
		{E9B24237-4F1B-497C-B831-6DE4CC1E9448}.Debug|x86.Build.0 = Debug|Any CPU
		{E9B24237-4F1B-497C-B831-6DE4CC1E9448}.Release|Any CPU.ActiveCfg = Release|Any CPU
		{E9B24237-4F1B-497C-B831-6DE4CC1E9448}.Release|Any CPU.Build.0 = Release|Any CPU
		{E9B24237-4F1B-497C-B831-6DE4CC1E9448}.Release|x64.ActiveCfg = Release|Any CPU
		{E9B24237-4F1B-497C-B831-6DE4CC1E9448}.Release|x64.Build.0 = Release|Any CPU
		{E9B24237-4F1B-497C-B831-6DE4CC1E9448}.Release|x86.ActiveCfg = Release|Any CPU
		{E9B24237-4F1B-497C-B831-6DE4CC1E9448}.Release|x86.Build.0 = Release|Any CPU
	EndGlobalSection
	GlobalSection(SolutionProperties) = preSolution
		HideSolutionNode = FALSE
	EndGlobalSection
	GlobalSection(NestedProjects) = preSolution
		{33333333-3333-3333-3333-333333333333} = {11111111-1111-1111-1111-111111111111}
		{44444444-4444-4444-4444-444444444444} = {11111111-1111-1111-1111-111111111111}
		{55555555-5555-5555-5555-555555555555} = {11111111-1111-1111-1111-111111111111}
		{A0000001-0000-0000-0000-000000000001} = {55555555-5555-5555-5555-555555555555}
		{B0000001-0000-0000-0000-000000000001} = {33333333-3333-3333-3333-333333333333}
		{B0000002-0000-0000-0000-000000000002} = {33333333-3333-3333-3333-333333333333}
		{B0000003-0000-0000-0000-000000000003} = {33333333-3333-3333-3333-333333333333}
		{B0000004-0000-0000-0000-000000000004} = {33333333-3333-3333-3333-333333333333}
		{C0000001-0000-0000-0000-000000000001} = {44444444-4444-4444-4444-444444444444}
		{C0000002-0000-0000-0000-000000000002} = {44444444-4444-4444-4444-444444444444}
		{C0000003-0000-0000-0000-000000000003} = {44444444-4444-4444-4444-444444444444}
		{C0000004-0000-0000-0000-000000000004} = {44444444-4444-4444-4444-444444444444}
		{D0000001-0000-0000-0000-000000000001} = {22222222-2222-2222-2222-222222222222}
		{D0000002-0000-0000-0000-000000000002} = {22222222-2222-2222-2222-222222222222}
		{D0000003-0000-0000-0000-000000000003} = {22222222-2222-2222-2222-222222222222}
		{D0000004-0000-0000-0000-000000000004} = {22222222-2222-2222-2222-222222222222}
		{251AB458-B432-48C1-97FD-70860EA29F0C} = {22222222-2222-2222-2222-222222222222}
		{F4184A40-7510-4378-873E-F14CC47604BA} = {22222222-2222-2222-2222-222222222222}
		{4212C2C2-B384-43A8-B2F1-77A3B1AE9B70} = {22222222-2222-2222-2222-222222222222}
		{5B1E615E-04E0-0869-BBC4-745ECDAE43B7} = {22222222-2222-2222-2222-222222222222}
		{E9B24237-4F1B-497C-B831-6DE4CC1E9448} = {5B1E615E-04E0-0869-BBC4-745ECDAE43B7}
	EndGlobalSection
EndGlobal
