
Microsoft Visual Studio Solution File, Format Version 12.00
# Visual Studio Version 17
VisualStudioVersion = 17.14.36310.24 d17.14
MinimumVisualStudioVersion = 10.0.40219.1
Project("{FAE04EC0-301F-11D3-BF4B-00C04F79EFBC}") = "Domain.Shared", "Domain.Shared\Domain.Shared.csproj", "{C35621EA-C19B-4D49-B134-DC15C132AF9D}"
EndProject
Global
	GlobalSection(SolutionConfigurationPlatforms) = preSolution
		Debug|Any CPU = Debug|Any CPU
		Release|Any CPU = Release|Any CPU
	EndGlobalSection
	GlobalSection(ProjectConfigurationPlatforms) = postSolution
		{C35621EA-C19B-4D49-B134-DC15C132AF9D}.Debug|Any CPU.ActiveCfg = Debug|Any CPU
		{C35621EA-C19B-4D49-B134-DC15C132AF9D}.Debug|Any CPU.Build.0 = Debug|Any CPU
		{C35621EA-C19B-4D49-B134-DC15C132AF9D}.Release|Any CPU.ActiveCfg = Release|Any CPU
		{C35621EA-C19B-4D49-B134-DC15C132AF9D}.Release|Any CPU.Build.0 = Release|Any CPU
	EndGlobalSection
	GlobalSection(SolutionProperties) = preSolution
		HideSolutionNode = FALSE
	EndGlobalSection
	GlobalSection(ExtensibilityGlobals) = postSolution
		SolutionGuid = {CED6B5FF-6A47-49AB-9627-513CCC4B3BC3}
	EndGlobalSection
EndGlobal
