
Microsoft Visual Studio Solution File, Format Version 12.00
# Visual Studio Version 17
VisualStudioVersion = 17.0.31903.59
MinimumVisualStudioVersion = 10.0.40219.1
Project("{2150E333-8FDC-42A3-9474-1A3956D46DE8}") = "0. Web", "0. Web", "{FBC842C8-0219-43ED-950D-548177D1E4B3}"
EndProject
Project("{FAE04EC0-301F-11D3-BF4B-00C04F79EFBC}") = "Api", "src\Api\Api.csproj", "{6B2C6652-262F-464D-ACD9-25CFB6B0691E}"
EndProject
Project("{FAE04EC0-301F-11D3-BF4B-00C04F79EFBC}") = "Security", "src\Security\Security.csproj", "{2096571B-61FC-41D6-BB5C-9725CA83B179}"
EndProject
Project("{2150E333-8FDC-42A3-9474-1A3956D46DE8}") = "1. Application", "1. Application", "{4466A3E5-A7E9-4C3D-B01E-F1279915FC9C}"
EndProject
Project("{FAE04EC0-301F-11D3-BF4B-00C04F79EFBC}") = "Application", "src\Application\Application.csproj", "{3FF2EB48-2FDD-48EB-B977-3A1A73B13B28}"
EndProject
Project("{2150E333-8FDC-42A3-9474-1A3956D46DE8}") = "2. Domain", "2. Domain", "{1BEEFB87-151B-4F78-A25F-726959410C18}"
EndProject
Project("{FAE04EC0-301F-11D3-BF4B-00C04F79EFBC}") = "Domain", "src\Domain\Domain.csproj", "{87A35106-ED69-425C-B1DF-3B66E5466D3A}"
EndProject
Project("{2150E333-8FDC-42A3-9474-1A3956D46DE8}") = "3.2 Data", "3.2 Data", "{FD748957-C5B4-4B2B-B456-BCC024F3FEB3}"
EndProject
Project("{FAE04EC0-301F-11D3-BF4B-00C04F79EFBC}") = "Relational", "src\Relational\Relational.csproj", "{EC9C5441-B702-4B21-AFD7-2529E64E6FCF}"
EndProject
Project("{FAE04EC0-301F-11D3-BF4B-00C04F79EFBC}") = "Documents", "src\Documents\Documents.csproj", "{A1B2C3D4-E5F6-7890-ABCD-EF1234567890}"
EndProject
Project("{2150E333-8FDC-42A3-9474-1A3956D46DE8}") = "4. Tests", "4. Tests", "{EE3E57CA-8C59-4AD4-A94E-62EFE1D1D112}"
EndProject
Project("{FAE04EC0-301F-11D3-BF4B-00C04F79EFBC}") = "Unit", "tests\Unit\Unit.csproj", "{29DA8CB2-AB1B-4967-B9F2-9337938CB547}"
EndProject
Project("{FAE04EC0-301F-11D3-BF4B-00C04F79EFBC}") = "Integration", "tests\Integration\Integration.csproj", "{D62CA1FA-3F3E-4DC2-A167-688D451FA557}"
EndProject
Project("{2150E333-8FDC-42A3-9474-1A3956D46DE8}") = "3. Infrastructure", "3. Infrastructure", "{F13E5B4F-A5E0-43F1-B450-BB0ACF868DEE}"
EndProject
Project("{2150E333-8FDC-42A3-9474-1A3956D46DE8}") = "3.1 CrossCutting", "3.1 CrossCutting", "{DC434B16-4D78-4826-ABB3-76B857609438}"
EndProject
Project("{FAE04EC0-301F-11D3-BF4B-00C04F79EFBC}") = "Messaging", "src\Messaging\Messaging.csproj", "{B8F4E291-C6A3-4D5E-9F01-234567890ABC}"
EndProject
Project("{FAE04EC0-301F-11D3-BF4B-00C04F79EFBC}") = "Shared", "src\Shared\Shared.csproj", "{900993EE-10BC-4D9B-B704-172A30A8F2EC}"
EndProject
Project("{FAE04EC0-301F-11D3-BF4B-00C04F79EFBC}") = "I18n", "src\I18n\I18n.csproj", "{9F659E2A-81A5-4EDC-8697-F11F4559C97B}"
EndProject
Project("{FAE04EC0-301F-11D3-BF4B-00C04F79EFBC}") = "Caching", "src\Caching\Caching.csproj", "{23723051-C3A7-4153-B497-21DD9C5CCC13}"
EndProject
Project("{FAE04EC0-301F-11D3-BF4B-00C04F79EFBC}") = "Logging", "src\Logging\Logging.csproj", "{1D2E3F4A-5B6C-7D8E-9F0A-1B2C3D4E5F6A}"
EndProject
Project("{2150E333-8FDC-42A3-9474-1A3956D46DE8}") = "3.3 Agents", "3.3 Agents", "{7EF5E781-8C19-4351-AD99-A131DD2DB9DA}"
EndProject
Project("{FAE04EC0-301F-11D3-BF4B-00C04F79EFBC}") = "OutboxEvents", "src\OutboxEvents\OutboxEvents.csproj", "{3617A72E-27E2-44A8-9712-F6AA344B5693}"
EndProject
Project("{FAE04EC0-301F-11D3-BF4B-00C04F79EFBC}") = "OutboxAudit", "src\OutboxAudit\OutboxAudit.csproj", "{9491BF06-D5B6-4804-83C6-6DA0517D46A3}"
EndProject
Project("{FAE04EC0-301F-11D3-BF4B-00C04F79EFBC}") = "Immutable", "src\Immutable\Immutable.csproj", "{59520C09-AC57-4344-8F40-BAFC307940E7}"
EndProject
Global
	GlobalSection(SolutionConfigurationPlatforms) = preSolution
		Debug|Any CPU = Debug|Any CPU
		Release|Any CPU = Release|Any CPU
	EndGlobalSection
	GlobalSection(SolutionProperties) = preSolution
		HideSolutionNode = FALSE
	EndGlobalSection
	GlobalSection(ProjectConfigurationPlatforms) = postSolution
		{6B2C6652-262F-464D-ACD9-25CFB6B0691E}.Debug|Any CPU.ActiveCfg = Debug|Any CPU
		{6B2C6652-262F-464D-ACD9-25CFB6B0691E}.Debug|Any CPU.Build.0 = Debug|Any CPU
		{6B2C6652-262F-464D-ACD9-25CFB6B0691E}.Release|Any CPU.ActiveCfg = Release|Any CPU
		{6B2C6652-262F-464D-ACD9-25CFB6B0691E}.Release|Any CPU.Build.0 = Release|Any CPU
		{2096571B-61FC-41D6-BB5C-9725CA83B179}.Debug|Any CPU.ActiveCfg = Debug|Any CPU
		{2096571B-61FC-41D6-BB5C-9725CA83B179}.Debug|Any CPU.Build.0 = Debug|Any CPU
		{2096571B-61FC-41D6-BB5C-9725CA83B179}.Release|Any CPU.ActiveCfg = Release|Any CPU
		{2096571B-61FC-41D6-BB5C-9725CA83B179}.Release|Any CPU.Build.0 = Release|Any CPU
		{3FF2EB48-2FDD-48EB-B977-3A1A73B13B28}.Debug|Any CPU.ActiveCfg = Debug|Any CPU
		{3FF2EB48-2FDD-48EB-B977-3A1A73B13B28}.Debug|Any CPU.Build.0 = Debug|Any CPU
		{3FF2EB48-2FDD-48EB-B977-3A1A73B13B28}.Release|Any CPU.ActiveCfg = Release|Any CPU
		{3FF2EB48-2FDD-48EB-B977-3A1A73B13B28}.Release|Any CPU.Build.0 = Release|Any CPU
		{87A35106-ED69-425C-B1DF-3B66E5466D3A}.Debug|Any CPU.ActiveCfg = Debug|Any CPU
		{87A35106-ED69-425C-B1DF-3B66E5466D3A}.Debug|Any CPU.Build.0 = Debug|Any CPU
		{87A35106-ED69-425C-B1DF-3B66E5466D3A}.Release|Any CPU.ActiveCfg = Release|Any CPU
		{87A35106-ED69-425C-B1DF-3B66E5466D3A}.Release|Any CPU.Build.0 = Release|Any CPU
		{EC9C5441-B702-4B21-AFD7-2529E64E6FCF}.Debug|Any CPU.ActiveCfg = Debug|Any CPU
		{EC9C5441-B702-4B21-AFD7-2529E64E6FCF}.Debug|Any CPU.Build.0 = Debug|Any CPU
		{EC9C5441-B702-4B21-AFD7-2529E64E6FCF}.Release|Any CPU.ActiveCfg = Release|Any CPU
		{EC9C5441-B702-4B21-AFD7-2529E64E6FCF}.Release|Any CPU.Build.0 = Release|Any CPU
		{A1B2C3D4-E5F6-7890-ABCD-EF1234567890}.Debug|Any CPU.ActiveCfg = Debug|Any CPU
		{A1B2C3D4-E5F6-7890-ABCD-EF1234567890}.Debug|Any CPU.Build.0 = Debug|Any CPU
		{A1B2C3D4-E5F6-7890-ABCD-EF1234567890}.Release|Any CPU.ActiveCfg = Release|Any CPU
		{A1B2C3D4-E5F6-7890-ABCD-EF1234567890}.Release|Any CPU.Build.0 = Release|Any CPU
		{29DA8CB2-AB1B-4967-B9F2-9337938CB547}.Debug|Any CPU.ActiveCfg = Debug|Any CPU
		{29DA8CB2-AB1B-4967-B9F2-9337938CB547}.Debug|Any CPU.Build.0 = Debug|Any CPU
		{29DA8CB2-AB1B-4967-B9F2-9337938CB547}.Release|Any CPU.ActiveCfg = Release|Any CPU
		{29DA8CB2-AB1B-4967-B9F2-9337938CB547}.Release|Any CPU.Build.0 = Release|Any CPU
		{D62CA1FA-3F3E-4DC2-A167-688D451FA557}.Debug|Any CPU.ActiveCfg = Debug|Any CPU
		{D62CA1FA-3F3E-4DC2-A167-688D451FA557}.Debug|Any CPU.Build.0 = Debug|Any CPU
		{D62CA1FA-3F3E-4DC2-A167-688D451FA557}.Release|Any CPU.ActiveCfg = Release|Any CPU
		{D62CA1FA-3F3E-4DC2-A167-688D451FA557}.Release|Any CPU.Build.0 = Release|Any CPU
		{B8F4E291-C6A3-4D5E-9F01-234567890ABC}.Debug|Any CPU.ActiveCfg = Debug|Any CPU
		{B8F4E291-C6A3-4D5E-9F01-234567890ABC}.Debug|Any CPU.Build.0 = Debug|Any CPU
		{B8F4E291-C6A3-4D5E-9F01-234567890ABC}.Release|Any CPU.ActiveCfg = Release|Any CPU
		{B8F4E291-C6A3-4D5E-9F01-234567890ABC}.Release|Any CPU.Build.0 = Release|Any CPU
		{900993EE-10BC-4D9B-B704-172A30A8F2EC}.Debug|Any CPU.ActiveCfg = Debug|Any CPU
		{900993EE-10BC-4D9B-B704-172A30A8F2EC}.Debug|Any CPU.Build.0 = Debug|Any CPU
		{900993EE-10BC-4D9B-B704-172A30A8F2EC}.Release|Any CPU.ActiveCfg = Release|Any CPU
		{900993EE-10BC-4D9B-B704-172A30A8F2EC}.Release|Any CPU.Build.0 = Release|Any CPU
		{9F659E2A-81A5-4EDC-8697-F11F4559C97B}.Debug|Any CPU.ActiveCfg = Debug|Any CPU
		{9F659E2A-81A5-4EDC-8697-F11F4559C97B}.Debug|Any CPU.Build.0 = Debug|Any CPU
		{9F659E2A-81A5-4EDC-8697-F11F4559C97B}.Release|Any CPU.ActiveCfg = Release|Any CPU
		{9F659E2A-81A5-4EDC-8697-F11F4559C97B}.Release|Any CPU.Build.0 = Release|Any CPU
		{23723051-C3A7-4153-B497-21DD9C5CCC13}.Debug|Any CPU.ActiveCfg = Debug|Any CPU
		{23723051-C3A7-4153-B497-21DD9C5CCC13}.Debug|Any CPU.Build.0 = Debug|Any CPU
		{23723051-C3A7-4153-B497-21DD9C5CCC13}.Release|Any CPU.ActiveCfg = Release|Any CPU
		{23723051-C3A7-4153-B497-21DD9C5CCC13}.Release|Any CPU.Build.0 = Release|Any CPU
		{1D2E3F4A-5B6C-7D8E-9F0A-1B2C3D4E5F6A}.Debug|Any CPU.ActiveCfg = Debug|Any CPU
		{1D2E3F4A-5B6C-7D8E-9F0A-1B2C3D4E5F6A}.Debug|Any CPU.Build.0 = Debug|Any CPU
		{1D2E3F4A-5B6C-7D8E-9F0A-1B2C3D4E5F6A}.Release|Any CPU.ActiveCfg = Release|Any CPU
		{1D2E3F4A-5B6C-7D8E-9F0A-1B2C3D4E5F6A}.Release|Any CPU.Build.0 = Release|Any CPU
		{3617A72E-27E2-44A8-9712-F6AA344B5693}.Debug|Any CPU.ActiveCfg = Debug|Any CPU
		{3617A72E-27E2-44A8-9712-F6AA344B5693}.Debug|Any CPU.Build.0 = Debug|Any CPU
		{3617A72E-27E2-44A8-9712-F6AA344B5693}.Release|Any CPU.ActiveCfg = Release|Any CPU
		{3617A72E-27E2-44A8-9712-F6AA344B5693}.Release|Any CPU.Build.0 = Release|Any CPU
		{9491BF06-D5B6-4804-83C6-6DA0517D46A3}.Debug|Any CPU.ActiveCfg = Debug|Any CPU
		{9491BF06-D5B6-4804-83C6-6DA0517D46A3}.Debug|Any CPU.Build.0 = Debug|Any CPU
		{9491BF06-D5B6-4804-83C6-6DA0517D46A3}.Release|Any CPU.ActiveCfg = Release|Any CPU
		{9491BF06-D5B6-4804-83C6-6DA0517D46A3}.Release|Any CPU.Build.0 = Release|Any CPU
		{59520C09-AC57-4344-8F40-BAFC307940E7}.Debug|Any CPU.ActiveCfg = Debug|Any CPU
		{59520C09-AC57-4344-8F40-BAFC307940E7}.Debug|Any CPU.Build.0 = Debug|Any CPU
		{59520C09-AC57-4344-8F40-BAFC307940E7}.Release|Any CPU.ActiveCfg = Release|Any CPU
		{59520C09-AC57-4344-8F40-BAFC307940E7}.Release|Any CPU.Build.0 = Release|Any CPU
	EndGlobalSection
	GlobalSection(NestedProjects) = preSolution
		{6B2C6652-262F-464D-ACD9-25CFB6B0691E} = {FBC842C8-0219-43ED-950D-548177D1E4B3}
		{3FF2EB48-2FDD-48EB-B977-3A1A73B13B28} = {4466A3E5-A7E9-4C3D-B01E-F1279915FC9C}
		{87A35106-ED69-425C-B1DF-3B66E5466D3A} = {1BEEFB87-151B-4F78-A25F-726959410C18}
		{EC9C5441-B702-4B21-AFD7-2529E64E6FCF} = {FD748957-C5B4-4B2B-B456-BCC024F3FEB3}
		{A1B2C3D4-E5F6-7890-ABCD-EF1234567890} = {FD748957-C5B4-4B2B-B456-BCC024F3FEB3}
		{29DA8CB2-AB1B-4967-B9F2-9337938CB547} = {EE3E57CA-8C59-4AD4-A94E-62EFE1D1D112}
		{D62CA1FA-3F3E-4DC2-A167-688D451FA557} = {EE3E57CA-8C59-4AD4-A94E-62EFE1D1D112}
		{FD748957-C5B4-4B2B-B456-BCC024F3FEB3} = {F13E5B4F-A5E0-43F1-B450-BB0ACF868DEE}
		{DC434B16-4D78-4826-ABB3-76B857609438} = {F13E5B4F-A5E0-43F1-B450-BB0ACF868DEE}
		{B8F4E291-C6A3-4D5E-9F01-234567890ABC} = {DC434B16-4D78-4826-ABB3-76B857609438}
		{900993EE-10BC-4D9B-B704-172A30A8F2EC} = {1BEEFB87-151B-4F78-A25F-726959410C18}
		{9F659E2A-81A5-4EDC-8697-F11F4559C97B} = {DC434B16-4D78-4826-ABB3-76B857609438}
		{23723051-C3A7-4153-B497-21DD9C5CCC13} = {DC434B16-4D78-4826-ABB3-76B857609438}
		{1D2E3F4A-5B6C-7D8E-9F0A-1B2C3D4E5F6A} = {DC434B16-4D78-4826-ABB3-76B857609438}
		{2096571B-61FC-41D6-BB5C-9725CA83B179} = {DC434B16-4D78-4826-ABB3-76B857609438}
		{7EF5E781-8C19-4351-AD99-A131DD2DB9DA} = {F13E5B4F-A5E0-43F1-B450-BB0ACF868DEE}
		{3617A72E-27E2-44A8-9712-F6AA344B5693} = {7EF5E781-8C19-4351-AD99-A131DD2DB9DA}
		{9491BF06-D5B6-4804-83C6-6DA0517D46A3} = {7EF5E781-8C19-4351-AD99-A131DD2DB9DA}
		{59520C09-AC57-4344-8F40-BAFC307940E7} = {FD748957-C5B4-4B2B-B456-BCC024F3FEB3}
	EndGlobalSection
EndGlobal
