
Microsoft Visual Studio Solution File, Format Version 12.00
# Visual Studio Version 17
VisualStudioVersion = 17.14.36221.1
MinimumVisualStudioVersion = 10.0.40219.1
Project("{FAE04EC0-301F-11D3-BF4B-00C04F79EFBC}") = "TransactionService", "TransactionService\TransactionService.csproj", "{B563489F-4D3D-4190-8217-9C795DD0CE7C}"
EndProject
Project("{FAE04EC0-301F-11D3-BF4B-00C04F79EFBC}") = "ConsolidationService", "ConsolidationService\ConsolidationService.csproj", "{24612638-B781-454D-8B86-CBC86F00F290}"
EndProject
Project("{FAE04EC0-301F-11D3-BF4B-00C04F79EFBC}") = "BalanceService", "BalanceService\BalanceService.csproj", "{FAB55F47-C6D0-420B-96A4-5F534B7B5B15}"
EndProject
Project("{2150E333-8FDC-42A3-9474-1A3956D46DE8}") = "Tests", "Tests", "{02EA681E-C7D8-13C7-8484-4AC65E1B71E8}"
EndProject
Project("{FAE04EC0-301F-11D3-BF4B-00C04F79EFBC}") = "Transaction.Tests.Integration", "Tests\Transaction.Tests.Integration\Transaction.Tests.Integration.csproj", "{D3F4DB1D-9DC5-4C0B-A4AF-2E1C36224FDB}"
EndProject
Project("{FAE04EC0-301F-11D3-BF4B-00C04F79EFBC}") = "Consolidation.Tests.Integration", "Tests\Consolidation.Tests.Integration\Consolidation.Tests.Integration.csproj", "{063D4922-1C27-4136-904B-D04704865BDE}"
EndProject
Project("{FAE04EC0-301F-11D3-BF4B-00C04F79EFBC}") = "Balance.Tests.Integration", "Tests\Balance.Tests.Integration\Balance.Tests.Integration.csproj", "{AA85DB25-C546-4BFE-AE50-1B5FB11FA416}"
EndProject
Project("{FAE04EC0-301F-11D3-BF4B-00C04F79EFBC}") = "Transaction.Tests.Unit", "Tests\Transaction.Tests.Unit\Transaction.Tests.Unit.csproj", "{66844C58-0967-4BCD-A58E-A774F60FF615}"
EndProject
Project("{FAE04EC0-301F-11D3-BF4B-00C04F79EFBC}") = "Balance.Tests.Unit", "Tests\Balance.Tests.Unit\Balance.Tests.Unit.csproj", "{09E2107A-B140-4903-B309-E0FA6A7448F0}"
EndProject
Project("{FAE04EC0-301F-11D3-BF4B-00C04F79EFBC}") = "Consolidation.Tests.Unit", "Tests\Consolidation.Tests.Unit\Consolidation.Tests.Unit.csproj", "{0DA486D0-725F-415B-80D7-8318BDE35A7E}"
EndProject
Project("{FAE04EC0-301F-11D3-BF4B-00C04F79EFBC}") = "Integration.FunctionalTests", "Tests\Integration.FunctionalTests\Integration.FunctionalTests.csproj", "{2CE97693-71DB-4413-9D0A-747F6F84BC7B}"
EndProject
Project("{FAE04EC0-301F-11D3-BF4B-00C04F79EFBC}") = "AccountService", "AccountService\AccountService.csproj", "{0FAE41BB-02BE-4E00-9A3F-03E8C6F492D6}"
EndProject
Global
	GlobalSection(SolutionConfigurationPlatforms) = preSolution
		Debug|Any CPU = Debug|Any CPU
		Release|Any CPU = Release|Any CPU
	EndGlobalSection
	GlobalSection(ProjectConfigurationPlatforms) = postSolution
		{B563489F-4D3D-4190-8217-9C795DD0CE7C}.Debug|Any CPU.ActiveCfg = Debug|Any CPU
		{B563489F-4D3D-4190-8217-9C795DD0CE7C}.Debug|Any CPU.Build.0 = Debug|Any CPU
		{B563489F-4D3D-4190-8217-9C795DD0CE7C}.Release|Any CPU.ActiveCfg = Release|Any CPU
		{B563489F-4D3D-4190-8217-9C795DD0CE7C}.Release|Any CPU.Build.0 = Release|Any CPU
		{24612638-B781-454D-8B86-CBC86F00F290}.Debug|Any CPU.ActiveCfg = Debug|Any CPU
		{24612638-B781-454D-8B86-CBC86F00F290}.Debug|Any CPU.Build.0 = Debug|Any CPU
		{24612638-B781-454D-8B86-CBC86F00F290}.Release|Any CPU.ActiveCfg = Release|Any CPU
		{24612638-B781-454D-8B86-CBC86F00F290}.Release|Any CPU.Build.0 = Release|Any CPU
		{FAB55F47-C6D0-420B-96A4-5F534B7B5B15}.Debug|Any CPU.ActiveCfg = Debug|Any CPU
		{FAB55F47-C6D0-420B-96A4-5F534B7B5B15}.Debug|Any CPU.Build.0 = Debug|Any CPU
		{FAB55F47-C6D0-420B-96A4-5F534B7B5B15}.Release|Any CPU.ActiveCfg = Release|Any CPU
		{FAB55F47-C6D0-420B-96A4-5F534B7B5B15}.Release|Any CPU.Build.0 = Release|Any CPU
		{D3F4DB1D-9DC5-4C0B-A4AF-2E1C36224FDB}.Debug|Any CPU.ActiveCfg = Debug|Any CPU
		{D3F4DB1D-9DC5-4C0B-A4AF-2E1C36224FDB}.Debug|Any CPU.Build.0 = Debug|Any CPU
		{D3F4DB1D-9DC5-4C0B-A4AF-2E1C36224FDB}.Release|Any CPU.ActiveCfg = Release|Any CPU
		{D3F4DB1D-9DC5-4C0B-A4AF-2E1C36224FDB}.Release|Any CPU.Build.0 = Release|Any CPU
		{063D4922-1C27-4136-904B-D04704865BDE}.Debug|Any CPU.ActiveCfg = Debug|Any CPU
		{063D4922-1C27-4136-904B-D04704865BDE}.Debug|Any CPU.Build.0 = Debug|Any CPU
		{063D4922-1C27-4136-904B-D04704865BDE}.Release|Any CPU.ActiveCfg = Release|Any CPU
		{063D4922-1C27-4136-904B-D04704865BDE}.Release|Any CPU.Build.0 = Release|Any CPU
		{AA85DB25-C546-4BFE-AE50-1B5FB11FA416}.Debug|Any CPU.ActiveCfg = Debug|Any CPU
		{AA85DB25-C546-4BFE-AE50-1B5FB11FA416}.Debug|Any CPU.Build.0 = Debug|Any CPU
		{AA85DB25-C546-4BFE-AE50-1B5FB11FA416}.Release|Any CPU.ActiveCfg = Release|Any CPU
		{AA85DB25-C546-4BFE-AE50-1B5FB11FA416}.Release|Any CPU.Build.0 = Release|Any CPU
		{66844C58-0967-4BCD-A58E-A774F60FF615}.Debug|Any CPU.ActiveCfg = Debug|Any CPU
		{66844C58-0967-4BCD-A58E-A774F60FF615}.Debug|Any CPU.Build.0 = Debug|Any CPU
		{66844C58-0967-4BCD-A58E-A774F60FF615}.Release|Any CPU.ActiveCfg = Release|Any CPU
		{66844C58-0967-4BCD-A58E-A774F60FF615}.Release|Any CPU.Build.0 = Release|Any CPU
		{09E2107A-B140-4903-B309-E0FA6A7448F0}.Debug|Any CPU.ActiveCfg = Debug|Any CPU
		{09E2107A-B140-4903-B309-E0FA6A7448F0}.Debug|Any CPU.Build.0 = Debug|Any CPU
		{09E2107A-B140-4903-B309-E0FA6A7448F0}.Release|Any CPU.ActiveCfg = Release|Any CPU
		{09E2107A-B140-4903-B309-E0FA6A7448F0}.Release|Any CPU.Build.0 = Release|Any CPU
		{0DA486D0-725F-415B-80D7-8318BDE35A7E}.Debug|Any CPU.ActiveCfg = Debug|Any CPU
		{0DA486D0-725F-415B-80D7-8318BDE35A7E}.Debug|Any CPU.Build.0 = Debug|Any CPU
		{0DA486D0-725F-415B-80D7-8318BDE35A7E}.Release|Any CPU.ActiveCfg = Release|Any CPU
		{0DA486D0-725F-415B-80D7-8318BDE35A7E}.Release|Any CPU.Build.0 = Release|Any CPU
		{2CE97693-71DB-4413-9D0A-747F6F84BC7B}.Debug|Any CPU.ActiveCfg = Debug|Any CPU
		{2CE97693-71DB-4413-9D0A-747F6F84BC7B}.Debug|Any CPU.Build.0 = Debug|Any CPU
		{2CE97693-71DB-4413-9D0A-747F6F84BC7B}.Release|Any CPU.ActiveCfg = Release|Any CPU
		{2CE97693-71DB-4413-9D0A-747F6F84BC7B}.Release|Any CPU.Build.0 = Release|Any CPU
		{0FAE41BB-02BE-4E00-9A3F-03E8C6F492D6}.Debug|Any CPU.ActiveCfg = Debug|Any CPU
		{0FAE41BB-02BE-4E00-9A3F-03E8C6F492D6}.Debug|Any CPU.Build.0 = Debug|Any CPU
		{0FAE41BB-02BE-4E00-9A3F-03E8C6F492D6}.Release|Any CPU.ActiveCfg = Release|Any CPU
		{0FAE41BB-02BE-4E00-9A3F-03E8C6F492D6}.Release|Any CPU.Build.0 = Release|Any CPU
	EndGlobalSection
	GlobalSection(SolutionProperties) = preSolution
		HideSolutionNode = FALSE
	EndGlobalSection
	GlobalSection(NestedProjects) = preSolution
		{D3F4DB1D-9DC5-4C0B-A4AF-2E1C36224FDB} = {02EA681E-C7D8-13C7-8484-4AC65E1B71E8}
		{063D4922-1C27-4136-904B-D04704865BDE} = {02EA681E-C7D8-13C7-8484-4AC65E1B71E8}
		{AA85DB25-C546-4BFE-AE50-1B5FB11FA416} = {02EA681E-C7D8-13C7-8484-4AC65E1B71E8}
		{66844C58-0967-4BCD-A58E-A774F60FF615} = {02EA681E-C7D8-13C7-8484-4AC65E1B71E8}
		{09E2107A-B140-4903-B309-E0FA6A7448F0} = {02EA681E-C7D8-13C7-8484-4AC65E1B71E8}
		{0DA486D0-725F-415B-80D7-8318BDE35A7E} = {02EA681E-C7D8-13C7-8484-4AC65E1B71E8}
		{2CE97693-71DB-4413-9D0A-747F6F84BC7B} = {02EA681E-C7D8-13C7-8484-4AC65E1B71E8}
	EndGlobalSection
	GlobalSection(ExtensibilityGlobals) = postSolution
		SolutionGuid = {F1CC12C1-AF53-40D8-9A9B-F51136668CB1}
	EndGlobalSection
EndGlobal
