
Microsoft Visual Studio Solution File, Format Version 12.00
# Visual Studio Version 17
VisualStudioVersion = 17.0.31903.59
MinimumVisualStudioVersion = 10.0.40219.1
Project("{2150E333-8FDC-42A3-9474-1A3956D46DE8}") = "0. Web", "0. Web", "{FBC842C8-0219-43ED-950D-548177D1E4B3}"
EndProject
Project("{FAE04EC0-301F-11D3-BF4B-00C04F79EFBC}") = "Api", "src\Api\Api.csproj", "{A1B2C3D4-E5F6-7890-ABCD-EF1234567890}"
EndProject
Project("{2150E333-8FDC-42A3-9474-1A3956D46DE8}") = "1. Application", "1. Application", "{4466A3E5-A7E9-4C3D-B01E-F1279915FC9C}"
EndProject
Project("{FAE04EC0-301F-11D3-BF4B-00C04F79EFBC}") = "Application", "src\Application\Application.csproj", "{B2C3D4E5-F6A7-8901-BCDE-F12345678901}"
EndProject
Project("{2150E333-8FDC-42A3-9474-1A3956D46DE8}") = "2. Domain", "2. Domain", "{1BEEFB87-151B-4F78-A25F-726959410C18}"
EndProject
Project("{FAE04EC0-301F-11D3-BF4B-00C04F79EFBC}") = "Shared", "src\Shared\Shared.csproj", "{07075898-04F8-48AB-BF19-DAA36C7ED800}"
EndProject
Project("{2150E333-8FDC-42A3-9474-1A3956D46DE8}") = "3. Infrastructure", "3. Infrastructure", "{F13E5B4F-A5E0-43F1-B450-BB0ACF868DEE}"
EndProject
Project("{2150E333-8FDC-42A3-9474-1A3956D46DE8}") = "3.1 CrossCutting", "3.1 CrossCutting", "{DC434B16-4D78-4826-ABB3-76B857609438}"
EndProject
Project("{FAE04EC0-301F-11D3-BF4B-00C04F79EFBC}") = "Messaging", "src\Messaging\Messaging.csproj", "{E5F6A7B8-C9D0-1234-EF01-345678901234}"
EndProject
Project("{FAE04EC0-301F-11D3-BF4B-00C04F79EFBC}") = "Logging", "src\Logging\Logging.csproj", "{1D2E3F4A-5B6C-7D8E-9F0A-1B2C3D4E5F6A}"
EndProject
Project("{FAE04EC0-301F-11D3-BF4B-00C04F79EFBC}") = "Security", "src\Security\Security.csproj", "{610E2B73-FD89-4CE3-A859-4A72AA445CF4}"
EndProject
Project("{2150E333-8FDC-42A3-9474-1A3956D46DE8}") = "3.2 Data", "3.2 Data", "{FD748957-C5B4-4B2B-B456-BCC024F3FEB3}"
EndProject
Project("{FAE04EC0-301F-11D3-BF4B-00C04F79EFBC}") = "Data", "src\Data\Data.csproj", "{D4E5F6A7-B8C9-0123-DEF0-234567890123}"
EndProject
Project("{2150E333-8FDC-42A3-9474-1A3956D46DE8}") = "4. Tests", "4. Tests", "{EE3E57CA-8C59-4AD4-A94E-62EFE1D1D112}"
EndProject
Project("{FAE04EC0-301F-11D3-BF4B-00C04F79EFBC}") = "Unit", "tests\Unit\Unit.csproj", "{F738956C-63F5-4C22-9991-F84E27A75785}"
EndProject
Project("{FAE04EC0-301F-11D3-BF4B-00C04F79EFBC}") = "Integration", "tests\Integration\Integration.csproj", "{54B3B02D-8E5B-471C-B26C-4F9DBE541FEA}"
EndProject
Global
	GlobalSection(SolutionConfigurationPlatforms) = preSolution
		Debug|Any CPU = Debug|Any CPU
		Release|Any CPU = Release|Any CPU
	EndGlobalSection
	GlobalSection(SolutionProperties) = preSolution
		HideSolutionNode = FALSE
	EndGlobalSection
	GlobalSection(ProjectConfigurationPlatforms) = postSolution
		{A1B2C3D4-E5F6-7890-ABCD-EF1234567890}.Debug|Any CPU.ActiveCfg = Debug|Any CPU
		{A1B2C3D4-E5F6-7890-ABCD-EF1234567890}.Debug|Any CPU.Build.0 = Debug|Any CPU
		{A1B2C3D4-E5F6-7890-ABCD-EF1234567890}.Release|Any CPU.ActiveCfg = Release|Any CPU
		{A1B2C3D4-E5F6-7890-ABCD-EF1234567890}.Release|Any CPU.Build.0 = Release|Any CPU
		{B2C3D4E5-F6A7-8901-BCDE-F12345678901}.Debug|Any CPU.ActiveCfg = Debug|Any CPU
		{B2C3D4E5-F6A7-8901-BCDE-F12345678901}.Debug|Any CPU.Build.0 = Debug|Any CPU
		{B2C3D4E5-F6A7-8901-BCDE-F12345678901}.Release|Any CPU.ActiveCfg = Release|Any CPU
		{B2C3D4E5-F6A7-8901-BCDE-F12345678901}.Release|Any CPU.Build.0 = Release|Any CPU
		{07075898-04F8-48AB-BF19-DAA36C7ED800}.Debug|Any CPU.ActiveCfg = Debug|Any CPU
		{07075898-04F8-48AB-BF19-DAA36C7ED800}.Debug|Any CPU.Build.0 = Debug|Any CPU
		{07075898-04F8-48AB-BF19-DAA36C7ED800}.Release|Any CPU.ActiveCfg = Release|Any CPU
		{07075898-04F8-48AB-BF19-DAA36C7ED800}.Release|Any CPU.Build.0 = Release|Any CPU
		{E5F6A7B8-C9D0-1234-EF01-345678901234}.Debug|Any CPU.ActiveCfg = Debug|Any CPU
		{E5F6A7B8-C9D0-1234-EF01-345678901234}.Debug|Any CPU.Build.0 = Debug|Any CPU
		{E5F6A7B8-C9D0-1234-EF01-345678901234}.Release|Any CPU.ActiveCfg = Release|Any CPU
		{E5F6A7B8-C9D0-1234-EF01-345678901234}.Release|Any CPU.Build.0 = Release|Any CPU
		{1D2E3F4A-5B6C-7D8E-9F0A-1B2C3D4E5F6A}.Debug|Any CPU.ActiveCfg = Debug|Any CPU
		{1D2E3F4A-5B6C-7D8E-9F0A-1B2C3D4E5F6A}.Debug|Any CPU.Build.0 = Debug|Any CPU
		{1D2E3F4A-5B6C-7D8E-9F0A-1B2C3D4E5F6A}.Release|Any CPU.ActiveCfg = Release|Any CPU
		{1D2E3F4A-5B6C-7D8E-9F0A-1B2C3D4E5F6A}.Release|Any CPU.Build.0 = Release|Any CPU
		{610E2B73-FD89-4CE3-A859-4A72AA445CF4}.Debug|Any CPU.ActiveCfg = Debug|Any CPU
		{610E2B73-FD89-4CE3-A859-4A72AA445CF4}.Debug|Any CPU.Build.0 = Debug|Any CPU
		{610E2B73-FD89-4CE3-A859-4A72AA445CF4}.Release|Any CPU.ActiveCfg = Release|Any CPU
		{610E2B73-FD89-4CE3-A859-4A72AA445CF4}.Release|Any CPU.Build.0 = Release|Any CPU
		{D4E5F6A7-B8C9-0123-DEF0-234567890123}.Debug|Any CPU.ActiveCfg = Debug|Any CPU
		{D4E5F6A7-B8C9-0123-DEF0-234567890123}.Debug|Any CPU.Build.0 = Debug|Any CPU
		{D4E5F6A7-B8C9-0123-DEF0-234567890123}.Release|Any CPU.ActiveCfg = Release|Any CPU
		{D4E5F6A7-B8C9-0123-DEF0-234567890123}.Release|Any CPU.Build.0 = Release|Any CPU
		{F738956C-63F5-4C22-9991-F84E27A75785}.Debug|Any CPU.ActiveCfg = Debug|Any CPU
		{F738956C-63F5-4C22-9991-F84E27A75785}.Debug|Any CPU.Build.0 = Debug|Any CPU
		{F738956C-63F5-4C22-9991-F84E27A75785}.Release|Any CPU.ActiveCfg = Release|Any CPU
		{F738956C-63F5-4C22-9991-F84E27A75785}.Release|Any CPU.Build.0 = Release|Any CPU
		{54B3B02D-8E5B-471C-B26C-4F9DBE541FEA}.Debug|Any CPU.ActiveCfg = Debug|Any CPU
		{54B3B02D-8E5B-471C-B26C-4F9DBE541FEA}.Debug|Any CPU.Build.0 = Debug|Any CPU
		{54B3B02D-8E5B-471C-B26C-4F9DBE541FEA}.Release|Any CPU.ActiveCfg = Release|Any CPU
		{54B3B02D-8E5B-471C-B26C-4F9DBE541FEA}.Release|Any CPU.Build.0 = Release|Any CPU
	EndGlobalSection
	GlobalSection(NestedProjects) = preSolution
		{A1B2C3D4-E5F6-7890-ABCD-EF1234567890} = {FBC842C8-0219-43ED-950D-548177D1E4B3}
		{B2C3D4E5-F6A7-8901-BCDE-F12345678901} = {4466A3E5-A7E9-4C3D-B01E-F1279915FC9C}
		{07075898-04F8-48AB-BF19-DAA36C7ED800} = {1BEEFB87-151B-4F78-A25F-726959410C18}
		{FD748957-C5B4-4B2B-B456-BCC024F3FEB3} = {F13E5B4F-A5E0-43F1-B450-BB0ACF868DEE}
		{DC434B16-4D78-4826-ABB3-76B857609438} = {F13E5B4F-A5E0-43F1-B450-BB0ACF868DEE}
		{E5F6A7B8-C9D0-1234-EF01-345678901234} = {DC434B16-4D78-4826-ABB3-76B857609438}
		{1D2E3F4A-5B6C-7D8E-9F0A-1B2C3D4E5F6A} = {DC434B16-4D78-4826-ABB3-76B857609438}
		{610E2B73-FD89-4CE3-A859-4A72AA445CF4} = {DC434B16-4D78-4826-ABB3-76B857609438}
		{D4E5F6A7-B8C9-0123-DEF0-234567890123} = {FD748957-C5B4-4B2B-B456-BCC024F3FEB3}
		{F738956C-63F5-4C22-9991-F84E27A75785} = {EE3E57CA-8C59-4AD4-A94E-62EFE1D1D112}
		{54B3B02D-8E5B-471C-B26C-4F9DBE541FEA} = {EE3E57CA-8C59-4AD4-A94E-62EFE1D1D112}
	EndGlobalSection
EndGlobal
