
Microsoft Visual Studio Solution File, Format Version 12.00
# Visual Studio Version 17
VisualStudioVersion = 17.0.31903.59
MinimumVisualStudioVersion = 10.0.40219.1
Project("{2150E333-8FDC-42A3-9474-1A3956D46DE8}") = "src", "src", "{827E0CD3-B72D-47B6-A68D-7590B98EB39B}"
EndProject
Project("{2150E333-8FDC-42A3-9474-1A3956D46DE8}") = "Services", "Services", "{984BB9B3-3FA3-BE33-9484-CAC21695A33C}"
EndProject
Project("{FAE04EC0-301F-11D3-BF4B-00C04F79EFBC}") = "FluxoCaixa.Lancamentos.Api", "src\Services\FluxoCaixa.Lancamentos.Api\FluxoCaixa.Lancamentos.Api.csproj", "{0B2BF1D8-A38F-4C8F-A1D0-C662DF23649B}"
EndProject
Project("{FAE04EC0-301F-11D3-BF4B-00C04F79EFBC}") = "FluxoCaixa.Lancamentos.Application", "src\Services\FluxoCaixa.Lancamentos.Application\FluxoCaixa.Lancamentos.Application.csproj", "{16EF1C87-332A-41BF-87BC-AB1ADF96F783}"
EndProject
Project("{FAE04EC0-301F-11D3-BF4B-00C04F79EFBC}") = "FluxoCaixa.Lancamentos.Domain", "src\Services\FluxoCaixa.Lancamentos.Domain\FluxoCaixa.Lancamentos.Domain.csproj", "{A12CD60A-4F12-4E1E-A237-16FB831ED595}"
EndProject
Project("{FAE04EC0-301F-11D3-BF4B-00C04F79EFBC}") = "FluxoCaixa.Lancamentos.Infrastructure", "src\Services\FluxoCaixa.Lancamentos.Infrastructure\FluxoCaixa.Lancamentos.Infrastructure.csproj", "{7F40A33D-D0C7-48CF-AD2F-C7990B724B47}"
EndProject
Project("{FAE04EC0-301F-11D3-BF4B-00C04F79EFBC}") = "FluxoCaixa.Consolidado.Api", "src\Services\FluxoCaixa.Consolidado.Api\FluxoCaixa.Consolidado.Api.csproj", "{559C2DF0-A6EC-4DFD-8189-E8B38BB2572F}"
EndProject
Project("{FAE04EC0-301F-11D3-BF4B-00C04F79EFBC}") = "FluxoCaixa.Consolidado.Application", "src\Services\FluxoCaixa.Consolidado.Application\FluxoCaixa.Consolidado.Application.csproj", "{E71A1807-FE06-4C73-9676-3E9451DD24B3}"
EndProject
Project("{FAE04EC0-301F-11D3-BF4B-00C04F79EFBC}") = "FluxoCaixa.Consolidado.Domain", "src\Services\FluxoCaixa.Consolidado.Domain\FluxoCaixa.Consolidado.Domain.csproj", "{23E8772C-9089-46E6-ABDD-CA5BA1C2358D}"
EndProject
Project("{FAE04EC0-301F-11D3-BF4B-00C04F79EFBC}") = "FluxoCaixa.Consolidado.Infrastructure", "src\Services\FluxoCaixa.Consolidado.Infrastructure\FluxoCaixa.Consolidado.Infrastructure.csproj", "{139783B0-3E75-42B8-B548-2F20C9B063BD}"
EndProject
Project("{2150E333-8FDC-42A3-9474-1A3956D46DE8}") = "Gateway", "Gateway", "{6306A8FB-679E-111F-6585-8F70E0EE6013}"
EndProject
Project("{FAE04EC0-301F-11D3-BF4B-00C04F79EFBC}") = "FluxoCaixa.Gateway", "src\Gateway\FluxoCaixa.Gateway\FluxoCaixa.Gateway.csproj", "{5360D974-D8C9-4062-BC3E-20BE168F965B}"
EndProject
Project("{2150E333-8FDC-42A3-9474-1A3956D46DE8}") = "tests", "tests", "{B1C2D3E4-F5A6-7890-ABCD-EF1234567890}"
EndProject
Project("{FAE04EC0-301F-11D3-BF4B-00C04F79EFBC}") = "FluxoCaixa.Lancamentos.Tests", "tests\FluxoCaixa.Lancamentos.Tests\FluxoCaixa.Lancamentos.Tests.csproj", "{A1B2C3D4-E5F6-7890-ABCD-EF1234567891}"
EndProject
Project("{FAE04EC0-301F-11D3-BF4B-00C04F79EFBC}") = "FluxoCaixa.Consolidado.Tests", "tests\FluxoCaixa.Consolidado.Tests\FluxoCaixa.Consolidado.Tests.csproj", "{C3D4E5F6-A7B8-9012-CDEF-AB3456789012}"
EndProject
Global
	GlobalSection(SolutionConfigurationPlatforms) = preSolution
		Debug|Any CPU = Debug|Any CPU
		Debug|x64 = Debug|x64
		Debug|x86 = Debug|x86
		Release|Any CPU = Release|Any CPU
		Release|x64 = Release|x64
		Release|x86 = Release|x86
	EndGlobalSection
	GlobalSection(ProjectConfigurationPlatforms) = postSolution
		{0B2BF1D8-A38F-4C8F-A1D0-C662DF23649B}.Debug|Any CPU.ActiveCfg = Debug|Any CPU
		{0B2BF1D8-A38F-4C8F-A1D0-C662DF23649B}.Debug|Any CPU.Build.0 = Debug|Any CPU
		{0B2BF1D8-A38F-4C8F-A1D0-C662DF23649B}.Debug|x64.ActiveCfg = Debug|Any CPU
		{0B2BF1D8-A38F-4C8F-A1D0-C662DF23649B}.Debug|x64.Build.0 = Debug|Any CPU
		{0B2BF1D8-A38F-4C8F-A1D0-C662DF23649B}.Debug|x86.ActiveCfg = Debug|Any CPU
		{0B2BF1D8-A38F-4C8F-A1D0-C662DF23649B}.Debug|x86.Build.0 = Debug|Any CPU
		{0B2BF1D8-A38F-4C8F-A1D0-C662DF23649B}.Release|Any CPU.ActiveCfg = Release|Any CPU
		{0B2BF1D8-A38F-4C8F-A1D0-C662DF23649B}.Release|Any CPU.Build.0 = Release|Any CPU
		{0B2BF1D8-A38F-4C8F-A1D0-C662DF23649B}.Release|x64.ActiveCfg = Release|Any CPU
		{0B2BF1D8-A38F-4C8F-A1D0-C662DF23649B}.Release|x64.Build.0 = Release|Any CPU
		{0B2BF1D8-A38F-4C8F-A1D0-C662DF23649B}.Release|x86.ActiveCfg = Release|Any CPU
		{0B2BF1D8-A38F-4C8F-A1D0-C662DF23649B}.Release|x86.Build.0 = Release|Any CPU
		{16EF1C87-332A-41BF-87BC-AB1ADF96F783}.Debug|Any CPU.ActiveCfg = Debug|Any CPU
		{16EF1C87-332A-41BF-87BC-AB1ADF96F783}.Debug|Any CPU.Build.0 = Debug|Any CPU
		{16EF1C87-332A-41BF-87BC-AB1ADF96F783}.Debug|x64.ActiveCfg = Debug|Any CPU
		{16EF1C87-332A-41BF-87BC-AB1ADF96F783}.Debug|x64.Build.0 = Debug|Any CPU
		{16EF1C87-332A-41BF-87BC-AB1ADF96F783}.Debug|x86.ActiveCfg = Debug|Any CPU
		{16EF1C87-332A-41BF-87BC-AB1ADF96F783}.Debug|x86.Build.0 = Debug|Any CPU
		{16EF1C87-332A-41BF-87BC-AB1ADF96F783}.Release|Any CPU.ActiveCfg = Release|Any CPU
		{16EF1C87-332A-41BF-87BC-AB1ADF96F783}.Release|Any CPU.Build.0 = Release|Any CPU
		{16EF1C87-332A-41BF-87BC-AB1ADF96F783}.Release|x64.ActiveCfg = Release|Any CPU
		{16EF1C87-332A-41BF-87BC-AB1ADF96F783}.Release|x64.Build.0 = Release|Any CPU
		{16EF1C87-332A-41BF-87BC-AB1ADF96F783}.Release|x86.ActiveCfg = Release|Any CPU
		{16EF1C87-332A-41BF-87BC-AB1ADF96F783}.Release|x86.Build.0 = Release|Any CPU
		{A12CD60A-4F12-4E1E-A237-16FB831ED595}.Debug|Any CPU.ActiveCfg = Debug|Any CPU
		{A12CD60A-4F12-4E1E-A237-16FB831ED595}.Debug|Any CPU.Build.0 = Debug|Any CPU
		{A12CD60A-4F12-4E1E-A237-16FB831ED595}.Debug|x64.ActiveCfg = Debug|Any CPU
		{A12CD60A-4F12-4E1E-A237-16FB831ED595}.Debug|x64.Build.0 = Debug|Any CPU
		{A12CD60A-4F12-4E1E-A237-16FB831ED595}.Debug|x86.ActiveCfg = Debug|Any CPU
		{A12CD60A-4F12-4E1E-A237-16FB831ED595}.Debug|x86.Build.0 = Debug|Any CPU
		{A12CD60A-4F12-4E1E-A237-16FB831ED595}.Release|Any CPU.ActiveCfg = Release|Any CPU
		{A12CD60A-4F12-4E1E-A237-16FB831ED595}.Release|Any CPU.Build.0 = Release|Any CPU
		{A12CD60A-4F12-4E1E-A237-16FB831ED595}.Release|x64.ActiveCfg = Release|Any CPU
		{A12CD60A-4F12-4E1E-A237-16FB831ED595}.Release|x64.Build.0 = Release|Any CPU
		{A12CD60A-4F12-4E1E-A237-16FB831ED595}.Release|x86.ActiveCfg = Release|Any CPU
		{A12CD60A-4F12-4E1E-A237-16FB831ED595}.Release|x86.Build.0 = Release|Any CPU
		{7F40A33D-D0C7-48CF-AD2F-C7990B724B47}.Debug|Any CPU.ActiveCfg = Debug|Any CPU
		{7F40A33D-D0C7-48CF-AD2F-C7990B724B47}.Debug|Any CPU.Build.0 = Debug|Any CPU
		{7F40A33D-D0C7-48CF-AD2F-C7990B724B47}.Debug|x64.ActiveCfg = Debug|Any CPU
		{7F40A33D-D0C7-48CF-AD2F-C7990B724B47}.Debug|x64.Build.0 = Debug|Any CPU
		{7F40A33D-D0C7-48CF-AD2F-C7990B724B47}.Debug|x86.ActiveCfg = Debug|Any CPU
		{7F40A33D-D0C7-48CF-AD2F-C7990B724B47}.Debug|x86.Build.0 = Debug|Any CPU
		{7F40A33D-D0C7-48CF-AD2F-C7990B724B47}.Release|Any CPU.ActiveCfg = Release|Any CPU
		{7F40A33D-D0C7-48CF-AD2F-C7990B724B47}.Release|Any CPU.Build.0 = Release|Any CPU
		{7F40A33D-D0C7-48CF-AD2F-C7990B724B47}.Release|x64.ActiveCfg = Release|Any CPU
		{7F40A33D-D0C7-48CF-AD2F-C7990B724B47}.Release|x64.Build.0 = Release|Any CPU
		{7F40A33D-D0C7-48CF-AD2F-C7990B724B47}.Release|x86.ActiveCfg = Release|Any CPU
		{7F40A33D-D0C7-48CF-AD2F-C7990B724B47}.Release|x86.Build.0 = Release|Any CPU
		{559C2DF0-A6EC-4DFD-8189-E8B38BB2572F}.Debug|Any CPU.ActiveCfg = Debug|Any CPU
		{559C2DF0-A6EC-4DFD-8189-E8B38BB2572F}.Debug|Any CPU.Build.0 = Debug|Any CPU
		{559C2DF0-A6EC-4DFD-8189-E8B38BB2572F}.Debug|x64.ActiveCfg = Debug|Any CPU
		{559C2DF0-A6EC-4DFD-8189-E8B38BB2572F}.Debug|x64.Build.0 = Debug|Any CPU
		{559C2DF0-A6EC-4DFD-8189-E8B38BB2572F}.Debug|x86.ActiveCfg = Debug|Any CPU
		{559C2DF0-A6EC-4DFD-8189-E8B38BB2572F}.Debug|x86.Build.0 = Debug|Any CPU
		{559C2DF0-A6EC-4DFD-8189-E8B38BB2572F}.Release|Any CPU.ActiveCfg = Release|Any CPU
		{559C2DF0-A6EC-4DFD-8189-E8B38BB2572F}.Release|Any CPU.Build.0 = Release|Any CPU
		{559C2DF0-A6EC-4DFD-8189-E8B38BB2572F}.Release|x64.ActiveCfg = Release|Any CPU
		{559C2DF0-A6EC-4DFD-8189-E8B38BB2572F}.Release|x64.Build.0 = Release|Any CPU
		{559C2DF0-A6EC-4DFD-8189-E8B38BB2572F}.Release|x86.ActiveCfg = Release|Any CPU
		{559C2DF0-A6EC-4DFD-8189-E8B38BB2572F}.Release|x86.Build.0 = Release|Any CPU
		{E71A1807-FE06-4C73-9676-3E9451DD24B3}.Debug|Any CPU.ActiveCfg = Debug|Any CPU
		{E71A1807-FE06-4C73-9676-3E9451DD24B3}.Debug|Any CPU.Build.0 = Debug|Any CPU
		{E71A1807-FE06-4C73-9676-3E9451DD24B3}.Debug|x64.ActiveCfg = Debug|Any CPU
		{E71A1807-FE06-4C73-9676-3E9451DD24B3}.Debug|x64.Build.0 = Debug|Any CPU
		{E71A1807-FE06-4C73-9676-3E9451DD24B3}.Debug|x86.ActiveCfg = Debug|Any CPU
		{E71A1807-FE06-4C73-9676-3E9451DD24B3}.Debug|x86.Build.0 = Debug|Any CPU
		{E71A1807-FE06-4C73-9676-3E9451DD24B3}.Release|Any CPU.ActiveCfg = Release|Any CPU
		{E71A1807-FE06-4C73-9676-3E9451DD24B3}.Release|Any CPU.Build.0 = Release|Any CPU
		{E71A1807-FE06-4C73-9676-3E9451DD24B3}.Release|x64.ActiveCfg = Release|Any CPU
		{E71A1807-FE06-4C73-9676-3E9451DD24B3}.Release|x64.Build.0 = Release|Any CPU
		{E71A1807-FE06-4C73-9676-3E9451DD24B3}.Release|x86.ActiveCfg = Release|Any CPU
		{E71A1807-FE06-4C73-9676-3E9451DD24B3}.Release|x86.Build.0 = Release|Any CPU
		{23E8772C-9089-46E6-ABDD-CA5BA1C2358D}.Debug|Any CPU.ActiveCfg = Debug|Any CPU
		{23E8772C-9089-46E6-ABDD-CA5BA1C2358D}.Debug|Any CPU.Build.0 = Debug|Any CPU
		{23E8772C-9089-46E6-ABDD-CA5BA1C2358D}.Debug|x64.ActiveCfg = Debug|Any CPU
		{23E8772C-9089-46E6-ABDD-CA5BA1C2358D}.Debug|x64.Build.0 = Debug|Any CPU
		{23E8772C-9089-46E6-ABDD-CA5BA1C2358D}.Debug|x86.ActiveCfg = Debug|Any CPU
		{23E8772C-9089-46E6-ABDD-CA5BA1C2358D}.Debug|x86.Build.0 = Debug|Any CPU
		{23E8772C-9089-46E6-ABDD-CA5BA1C2358D}.Release|Any CPU.ActiveCfg = Release|Any CPU
		{23E8772C-9089-46E6-ABDD-CA5BA1C2358D}.Release|Any CPU.Build.0 = Release|Any CPU
		{23E8772C-9089-46E6-ABDD-CA5BA1C2358D}.Release|x64.ActiveCfg = Release|Any CPU
		{23E8772C-9089-46E6-ABDD-CA5BA1C2358D}.Release|x64.Build.0 = Release|Any CPU
		{23E8772C-9089-46E6-ABDD-CA5BA1C2358D}.Release|x86.ActiveCfg = Release|Any CPU
		{23E8772C-9089-46E6-ABDD-CA5BA1C2358D}.Release|x86.Build.0 = Release|Any CPU
		{139783B0-3E75-42B8-B548-2F20C9B063BD}.Debug|Any CPU.ActiveCfg = Debug|Any CPU
		{139783B0-3E75-42B8-B548-2F20C9B063BD}.Debug|Any CPU.Build.0 = Debug|Any CPU
		{139783B0-3E75-42B8-B548-2F20C9B063BD}.Debug|x64.ActiveCfg = Debug|Any CPU
		{139783B0-3E75-42B8-B548-2F20C9B063BD}.Debug|x64.Build.0 = Debug|Any CPU
		{139783B0-3E75-42B8-B548-2F20C9B063BD}.Debug|x86.ActiveCfg = Debug|Any CPU
		{139783B0-3E75-42B8-B548-2F20C9B063BD}.Debug|x86.Build.0 = Debug|Any CPU
		{139783B0-3E75-42B8-B548-2F20C9B063BD}.Release|Any CPU.ActiveCfg = Release|Any CPU
		{139783B0-3E75-42B8-B548-2F20C9B063BD}.Release|Any CPU.Build.0 = Release|Any CPU
		{139783B0-3E75-42B8-B548-2F20C9B063BD}.Release|x64.ActiveCfg = Release|Any CPU
		{139783B0-3E75-42B8-B548-2F20C9B063BD}.Release|x64.Build.0 = Release|Any CPU
		{139783B0-3E75-42B8-B548-2F20C9B063BD}.Release|x86.ActiveCfg = Release|Any CPU
		{139783B0-3E75-42B8-B548-2F20C9B063BD}.Release|x86.Build.0 = Release|Any CPU
		{5360D974-D8C9-4062-BC3E-20BE168F965B}.Debug|Any CPU.ActiveCfg = Debug|Any CPU
		{5360D974-D8C9-4062-BC3E-20BE168F965B}.Debug|Any CPU.Build.0 = Debug|Any CPU
		{5360D974-D8C9-4062-BC3E-20BE168F965B}.Debug|x64.ActiveCfg = Debug|Any CPU
		{5360D974-D8C9-4062-BC3E-20BE168F965B}.Debug|x64.Build.0 = Debug|Any CPU
		{5360D974-D8C9-4062-BC3E-20BE168F965B}.Debug|x86.ActiveCfg = Debug|Any CPU
		{5360D974-D8C9-4062-BC3E-20BE168F965B}.Debug|x86.Build.0 = Debug|Any CPU
		{5360D974-D8C9-4062-BC3E-20BE168F965B}.Release|Any CPU.ActiveCfg = Release|Any CPU
		{5360D974-D8C9-4062-BC3E-20BE168F965B}.Release|Any CPU.Build.0 = Release|Any CPU
		{5360D974-D8C9-4062-BC3E-20BE168F965B}.Release|x64.ActiveCfg = Release|Any CPU
		{5360D974-D8C9-4062-BC3E-20BE168F965B}.Release|x64.Build.0 = Release|Any CPU
		{5360D974-D8C9-4062-BC3E-20BE168F965B}.Release|x86.ActiveCfg = Release|Any CPU
		{5360D974-D8C9-4062-BC3E-20BE168F965B}.Release|x86.Build.0 = Release|Any CPU
		{A1B2C3D4-E5F6-7890-ABCD-EF1234567891}.Debug|Any CPU.ActiveCfg = Debug|Any CPU
		{A1B2C3D4-E5F6-7890-ABCD-EF1234567891}.Debug|Any CPU.Build.0 = Debug|Any CPU
		{A1B2C3D4-E5F6-7890-ABCD-EF1234567891}.Release|Any CPU.ActiveCfg = Release|Any CPU
		{A1B2C3D4-E5F6-7890-ABCD-EF1234567891}.Release|Any CPU.Build.0 = Release|Any CPU
		{C3D4E5F6-A7B8-9012-CDEF-AB3456789012}.Debug|Any CPU.ActiveCfg = Debug|Any CPU
		{C3D4E5F6-A7B8-9012-CDEF-AB3456789012}.Debug|Any CPU.Build.0 = Debug|Any CPU
		{C3D4E5F6-A7B8-9012-CDEF-AB3456789012}.Release|Any CPU.ActiveCfg = Release|Any CPU
		{C3D4E5F6-A7B8-9012-CDEF-AB3456789012}.Release|Any CPU.Build.0 = Release|Any CPU
	EndGlobalSection
	GlobalSection(SolutionProperties) = preSolution
		HideSolutionNode = FALSE
	EndGlobalSection
	GlobalSection(NestedProjects) = preSolution
		{984BB9B3-3FA3-BE33-9484-CAC21695A33C} = {827E0CD3-B72D-47B6-A68D-7590B98EB39B}
		{0B2BF1D8-A38F-4C8F-A1D0-C662DF23649B} = {984BB9B3-3FA3-BE33-9484-CAC21695A33C}
		{16EF1C87-332A-41BF-87BC-AB1ADF96F783} = {984BB9B3-3FA3-BE33-9484-CAC21695A33C}
		{A12CD60A-4F12-4E1E-A237-16FB831ED595} = {984BB9B3-3FA3-BE33-9484-CAC21695A33C}
		{7F40A33D-D0C7-48CF-AD2F-C7990B724B47} = {984BB9B3-3FA3-BE33-9484-CAC21695A33C}
		{559C2DF0-A6EC-4DFD-8189-E8B38BB2572F} = {984BB9B3-3FA3-BE33-9484-CAC21695A33C}
		{E71A1807-FE06-4C73-9676-3E9451DD24B3} = {984BB9B3-3FA3-BE33-9484-CAC21695A33C}
		{23E8772C-9089-46E6-ABDD-CA5BA1C2358D} = {984BB9B3-3FA3-BE33-9484-CAC21695A33C}
		{139783B0-3E75-42B8-B548-2F20C9B063BD} = {984BB9B3-3FA3-BE33-9484-CAC21695A33C}
		{6306A8FB-679E-111F-6585-8F70E0EE6013} = {827E0CD3-B72D-47B6-A68D-7590B98EB39B}
		{5360D974-D8C9-4062-BC3E-20BE168F965B} = {6306A8FB-679E-111F-6585-8F70E0EE6013}
		{B1C2D3E4-F5A6-7890-ABCD-EF1234567890} = {827E0CD3-B72D-47B6-A68D-7590B98EB39B}
		{A1B2C3D4-E5F6-7890-ABCD-EF1234567891} = {B1C2D3E4-F5A6-7890-ABCD-EF1234567890}
		{C3D4E5F6-A7B8-9012-CDEF-AB3456789012} = {B1C2D3E4-F5A6-7890-ABCD-EF1234567890}
	EndGlobalSection
EndGlobal
