
Microsoft Visual Studio Solution File, Format Version 12.00
# Visual Studio Version 17
VisualStudioVersion = 17.10.35027.167
MinimumVisualStudioVersion = 10.0.40219.1
Project("{2150E333-8FDC-42A3-9474-1A3956D46DE8}") = "1 - Application", "1 - Application", "{66669D36-D4C2-405D-9B1D-525E1DD422C6}"
EndProject
Project("{2150E333-8FDC-42A3-9474-1A3956D46DE8}") = "2 - Domain", "2 - Domain", "{96F3665E-1A2A-4833-8FC2-83B7243715AC}"
EndProject
Project("{2150E333-8FDC-42A3-9474-1A3956D46DE8}") = "3 - Infrastructure", "3 - Infrastructure", "{74045392-043E-4C17-9A53-7B91BCEDC531}"
EndProject
Project("{2150E333-8FDC-42A3-9474-1A3956D46DE8}") = "3.1 - Data", "3.1 - Data", "{33503D30-2F59-4644-843A-81E34260A90A}"
EndProject
Project("{2150E333-8FDC-42A3-9474-1A3956D46DE8}") = "3.2 - Crosscutting", "3.2 - Crosscutting", "{A7FE7946-1C41-42C9-AED1-71349031615D}"
EndProject
Project("{9A19103F-16F7-4668-BE54-9A1E7A4F7556}") = "Services", "services\Services.csproj", "{FAC01336-95EA-4036-A5C9-8BD6CD9329E4}"
EndProject
Project("{9A19103F-16F7-4668-BE54-9A1E7A4F7556}") = "Domain", "Domain\Domain.csproj", "{DB38AC1D-C254-4BBC-BE0A-7AEB5D9C8E61}"
EndProject
Project("{9A19103F-16F7-4668-BE54-9A1E7A4F7556}") = "Data", "Data\Data.csproj", "{C4175D21-2D78-4871-A692-C96C4A8DAE07}"
EndProject
Project("{9A19103F-16F7-4668-BE54-9A1E7A4F7556}") = "IoC", "IoC\IoC.csproj", "{D5D8A7E7-8B01-46B1-8F4D-29A0382BCBD3}"
EndProject
Project("{9A19103F-16F7-4668-BE54-9A1E7A4F7556}") = "WebApi", "Application\WebApi.csproj", "{83EFA226-F81B-4028-ACEF-E5B7D21788D6}"
EndProject
Project("{2150E333-8FDC-42A3-9474-1A3956D46DE8}") = "2.1 - Domain", "2.1 - Domain", "{B826D29B-043F-4602-A640-51C0B0C077B0}"
EndProject
Project("{2150E333-8FDC-42A3-9474-1A3956D46DE8}") = "2.2 - Services", "2.2 - Services", "{9AD377E9-E672-4C16-968D-1A61F824A259}"
EndProject
Global
	GlobalSection(SolutionConfigurationPlatforms) = preSolution
		Debug|Any CPU = Debug|Any CPU
		Release|Any CPU = Release|Any CPU
	EndGlobalSection
	GlobalSection(ProjectConfigurationPlatforms) = postSolution
		{FAC01336-95EA-4036-A5C9-8BD6CD9329E4}.Debug|Any CPU.ActiveCfg = Debug|Any CPU
		{FAC01336-95EA-4036-A5C9-8BD6CD9329E4}.Debug|Any CPU.Build.0 = Debug|Any CPU
		{FAC01336-95EA-4036-A5C9-8BD6CD9329E4}.Release|Any CPU.ActiveCfg = Release|Any CPU
		{FAC01336-95EA-4036-A5C9-8BD6CD9329E4}.Release|Any CPU.Build.0 = Release|Any CPU
		{DB38AC1D-C254-4BBC-BE0A-7AEB5D9C8E61}.Debug|Any CPU.ActiveCfg = Debug|Any CPU
		{DB38AC1D-C254-4BBC-BE0A-7AEB5D9C8E61}.Debug|Any CPU.Build.0 = Debug|Any CPU
		{DB38AC1D-C254-4BBC-BE0A-7AEB5D9C8E61}.Release|Any CPU.ActiveCfg = Release|Any CPU
		{DB38AC1D-C254-4BBC-BE0A-7AEB5D9C8E61}.Release|Any CPU.Build.0 = Release|Any CPU
		{C4175D21-2D78-4871-A692-C96C4A8DAE07}.Debug|Any CPU.ActiveCfg = Debug|Any CPU
		{C4175D21-2D78-4871-A692-C96C4A8DAE07}.Debug|Any CPU.Build.0 = Debug|Any CPU
		{C4175D21-2D78-4871-A692-C96C4A8DAE07}.Release|Any CPU.ActiveCfg = Release|Any CPU
		{C4175D21-2D78-4871-A692-C96C4A8DAE07}.Release|Any CPU.Build.0 = Release|Any CPU
		{D5D8A7E7-8B01-46B1-8F4D-29A0382BCBD3}.Debug|Any CPU.ActiveCfg = Debug|Any CPU
		{D5D8A7E7-8B01-46B1-8F4D-29A0382BCBD3}.Debug|Any CPU.Build.0 = Debug|Any CPU
		{D5D8A7E7-8B01-46B1-8F4D-29A0382BCBD3}.Release|Any CPU.ActiveCfg = Release|Any CPU
		{D5D8A7E7-8B01-46B1-8F4D-29A0382BCBD3}.Release|Any CPU.Build.0 = Release|Any CPU
		{83EFA226-F81B-4028-ACEF-E5B7D21788D6}.Debug|Any CPU.ActiveCfg = Debug|Any CPU
		{83EFA226-F81B-4028-ACEF-E5B7D21788D6}.Debug|Any CPU.Build.0 = Debug|Any CPU
		{83EFA226-F81B-4028-ACEF-E5B7D21788D6}.Release|Any CPU.ActiveCfg = Release|Any CPU
		{83EFA226-F81B-4028-ACEF-E5B7D21788D6}.Release|Any CPU.Build.0 = Release|Any CPU
	EndGlobalSection
	GlobalSection(SolutionProperties) = preSolution
		HideSolutionNode = FALSE
	EndGlobalSection
	GlobalSection(NestedProjects) = preSolution
		{33503D30-2F59-4644-843A-81E34260A90A} = {74045392-043E-4C17-9A53-7B91BCEDC531}
		{A7FE7946-1C41-42C9-AED1-71349031615D} = {74045392-043E-4C17-9A53-7B91BCEDC531}
		{FAC01336-95EA-4036-A5C9-8BD6CD9329E4} = {9AD377E9-E672-4C16-968D-1A61F824A259}
		{DB38AC1D-C254-4BBC-BE0A-7AEB5D9C8E61} = {B826D29B-043F-4602-A640-51C0B0C077B0}
		{C4175D21-2D78-4871-A692-C96C4A8DAE07} = {33503D30-2F59-4644-843A-81E34260A90A}
		{D5D8A7E7-8B01-46B1-8F4D-29A0382BCBD3} = {A7FE7946-1C41-42C9-AED1-71349031615D}
		{83EFA226-F81B-4028-ACEF-E5B7D21788D6} = {66669D36-D4C2-405D-9B1D-525E1DD422C6}
		{B826D29B-043F-4602-A640-51C0B0C077B0} = {96F3665E-1A2A-4833-8FC2-83B7243715AC}
		{9AD377E9-E672-4C16-968D-1A61F824A259} = {96F3665E-1A2A-4833-8FC2-83B7243715AC}
	EndGlobalSection
	GlobalSection(ExtensibilityGlobals) = postSolution
		SolutionGuid = {21424C66-A266-4D5A-A6D6-485FB72A83E5}
	EndGlobalSection
EndGlobal
